{
  "object": {
    "pins": [
      {
        "package": "Commander",
        "repositoryURL": "https://github.com/kylef/Commander.git",
        "state": {
          "branch": null,
          "revision": "26a7eeb8bea1a9125e927c665902f54b2c952c7f",
          "version": "0.7.1"
        }
      },
      {
        "package": "DataModelKit",
        "repositoryURL": "git@github.com:PoissonBallon/DataModelKit.git",
        "state": {
          "branch": "master",
          "revision": "047f46237a91bf45838cb07602f5ffc326b15bcf",
          "version": null
        }
      },
      {
        "package": "FileKit",
        "repositoryURL": "https://github.com/nvzqz/FileKit.git",
        "state": {
          "branch": null,
          "revision": "93505a1ad04b4a2de01abd751ace4f05c6db16a5",
          "version": "5.0.0"
        }
      },
      {
        "package": "PathKit",
        "repositoryURL": "git@github.com:PoissonBallon/PathKit.git",
        "state": {
          "branch": "master",
          "revision": "0b109bc868e9a12bc5f23e9d61ec937c75900c40",
          "version": null
        }
      },
      {
        "package": "Rainbow",
        "repositoryURL": "https://github.com/onevcat/Rainbow",
        "state": {
          "branch": "master",
          "revision": "a0097ea05f2cc3d1b25d599d8da367ffd9210deb",
          "version": null
        }
      },
      {
        "package": "SWXMLHash",
        "repositoryURL": "https://github.com/drmohundro/SWXMLHash.git",
        "state": {
          "branch": null,
          "revision": "49dee5d3c448685ca3f511792f5b679423d36475",
          "version": "4.2.3"
        }
      },
      {
        "package": "Spectre",
        "repositoryURL": "https://github.com/kylef/Spectre.git",
        "state": {
          "branch": null,
          "revision": "e34d5687e1e9d865e3527dd58bc2f7464ef6d936",
          "version": "0.8.0"
        }
      },
      {
        "package": "Stencil",
        "repositoryURL": "git@github.com:PoissonBallon/Stencil.git",
        "state": {
          "branch": "master",
          "revision": "a0671a9aca30f9cf9d5959d86c31756d8488caac",
          "version": null
        }
      }
    ]
  },
  "version": 1
}
