// !$*UTF8*$!
{
	archiveVersion = 1;
	classes = {
	};
	objectVersion = 46;
	objects = {

/* Begin PBXBuildFile section */
		OBJ_135 /* Package.swift in Sources */ = {isa = PBXBuildFile; fileRef = OBJ_6 /* Package.swift */; };
		OBJ_141 /* Package.swift in Sources */ = {isa = PBXBuildFile; fileRef = OBJ_32 /* Package.swift */; };
		OBJ_147 /* Package.swift in Sources */ = {isa = PBXBuildFile; fileRef = OBJ_42 /* Package.swift */; };
		OBJ_153 /* Package.swift in Sources */ = {isa = PBXBuildFile; fileRef = OBJ_44 /* Package.swift */; };
		OBJ_159 /* Package.swift in Sources */ = {isa = PBXBuildFile; fileRef = OBJ_81 /* Package.swift */; };
		OBJ_165 /* Package.swift in Sources */ = {isa = PBXBuildFile; fileRef = OBJ_85 /* Package.swift */; };
		OBJ_171 /* Package.swift in Sources */ = {isa = PBXBuildFile; fileRef = OBJ_106 /* Package.swift */; };
		OBJ_177 /* Package.swift in Sources */ = {isa = PBXBuildFile; fileRef = OBJ_109 /* Package.swift */; };
		OBJ_183 /* Context.swift in Sources */ = {isa = PBXBuildFile; fileRef = OBJ_11 /* Context.swift */; };
		OBJ_184 /* DataModelKit+Gen.swift in Sources */ = {isa = PBXBuildFile; fileRef = OBJ_12 /* DataModelKit+Gen.swift */; };
		OBJ_185 /* Print.swift in Sources */ = {isa = PBXBuildFile; fileRef = OBJ_13 /* Print.swift */; };
		OBJ_186 /* main.swift in Sources */ = {isa = PBXBuildFile; fileRef = OBJ_14 /* main.swift */; };
		OBJ_187 /* Codable-Template.swift in Sources */ = {isa = PBXBuildFile; fileRef = OBJ_16 /* Codable-Template.swift */; };
		OBJ_189 /* Commander.framework in Frameworks */ = {isa = PBXBuildFile; fileRef = "Commander::Commander::Product" /* Commander.framework */; };
		OBJ_190 /* Stencil.framework in Frameworks */ = {isa = PBXBuildFile; fileRef = "Stencil::Stencil::Product" /* Stencil.framework */; };
		OBJ_191 /* PathKit.framework in Frameworks */ = {isa = PBXBuildFile; fileRef = "PathKit::PathKit::Product" /* PathKit.framework */; };
		OBJ_192 /* Rainbow.framework in Frameworks */ = {isa = PBXBuildFile; fileRef = "Rainbow::Rainbow::Product" /* Rainbow.framework */; };
		OBJ_193 /* DataModelKit.framework in Frameworks */ = {isa = PBXBuildFile; fileRef = "DataModelKit::DataModelKit::Product" /* DataModelKit.framework */; };
		OBJ_194 /* SWXMLHash.framework in Frameworks */ = {isa = PBXBuildFile; fileRef = "SWXMLHash::SWXMLHash::Product" /* SWXMLHash.framework */; };
		OBJ_195 /* FileKit.framework in Frameworks */ = {isa = PBXBuildFile; fileRef = "FileKit::FileKit::Product" /* FileKit.framework */; };
		OBJ_214 /* ArgumentConvertible.swift in Sources */ = {isa = PBXBuildFile; fileRef = OBJ_23 /* ArgumentConvertible.swift */; };
		OBJ_215 /* ArgumentDescription.swift in Sources */ = {isa = PBXBuildFile; fileRef = OBJ_24 /* ArgumentDescription.swift */; };
		OBJ_216 /* ArgumentParser.swift in Sources */ = {isa = PBXBuildFile; fileRef = OBJ_25 /* ArgumentParser.swift */; };
		OBJ_217 /* Command.swift in Sources */ = {isa = PBXBuildFile; fileRef = OBJ_26 /* Command.swift */; };
		OBJ_218 /* CommandRunner.swift in Sources */ = {isa = PBXBuildFile; fileRef = OBJ_27 /* CommandRunner.swift */; };
		OBJ_219 /* CommandType.swift in Sources */ = {isa = PBXBuildFile; fileRef = OBJ_28 /* CommandType.swift */; };
		OBJ_220 /* Commands.swift in Sources */ = {isa = PBXBuildFile; fileRef = OBJ_29 /* Commands.swift */; };
		OBJ_221 /* Error.swift in Sources */ = {isa = PBXBuildFile; fileRef = OBJ_30 /* Error.swift */; };
		OBJ_222 /* Group.swift in Sources */ = {isa = PBXBuildFile; fileRef = OBJ_31 /* Group.swift */; };
		OBJ_228 /* Context.swift in Sources */ = {isa = PBXBuildFile; fileRef = OBJ_86 /* Context.swift */; };
		OBJ_229 /* Environment.swift in Sources */ = {isa = PBXBuildFile; fileRef = OBJ_87 /* Environment.swift */; };
		OBJ_230 /* Errors.swift in Sources */ = {isa = PBXBuildFile; fileRef = OBJ_88 /* Errors.swift */; };
		OBJ_231 /* Expression.swift in Sources */ = {isa = PBXBuildFile; fileRef = OBJ_89 /* Expression.swift */; };
		OBJ_232 /* Extension.swift in Sources */ = {isa = PBXBuildFile; fileRef = OBJ_90 /* Extension.swift */; };
		OBJ_233 /* FilterTag.swift in Sources */ = {isa = PBXBuildFile; fileRef = OBJ_91 /* FilterTag.swift */; };
		OBJ_234 /* Filters.swift in Sources */ = {isa = PBXBuildFile; fileRef = OBJ_92 /* Filters.swift */; };
		OBJ_235 /* ForTag.swift in Sources */ = {isa = PBXBuildFile; fileRef = OBJ_93 /* ForTag.swift */; };
		OBJ_236 /* IfTag.swift in Sources */ = {isa = PBXBuildFile; fileRef = OBJ_94 /* IfTag.swift */; };
		OBJ_237 /* Include.swift in Sources */ = {isa = PBXBuildFile; fileRef = OBJ_95 /* Include.swift */; };
		OBJ_238 /* Inheritence.swift in Sources */ = {isa = PBXBuildFile; fileRef = OBJ_96 /* Inheritence.swift */; };
		OBJ_239 /* Lexer.swift in Sources */ = {isa = PBXBuildFile; fileRef = OBJ_97 /* Lexer.swift */; };
		OBJ_240 /* Loader.swift in Sources */ = {isa = PBXBuildFile; fileRef = OBJ_98 /* Loader.swift */; };
		OBJ_241 /* Node.swift in Sources */ = {isa = PBXBuildFile; fileRef = OBJ_99 /* Node.swift */; };
		OBJ_242 /* NowTag.swift in Sources */ = {isa = PBXBuildFile; fileRef = OBJ_100 /* NowTag.swift */; };
		OBJ_243 /* Parser.swift in Sources */ = {isa = PBXBuildFile; fileRef = OBJ_101 /* Parser.swift */; };
		OBJ_244 /* Template.swift in Sources */ = {isa = PBXBuildFile; fileRef = OBJ_102 /* Template.swift */; };
		OBJ_245 /* Tokenizer.swift in Sources */ = {isa = PBXBuildFile; fileRef = OBJ_103 /* Tokenizer.swift */; };
		OBJ_246 /* Variable.swift in Sources */ = {isa = PBXBuildFile; fileRef = OBJ_104 /* Variable.swift */; };
		OBJ_248 /* PathKit.framework in Frameworks */ = {isa = PBXBuildFile; fileRef = "PathKit::PathKit::Product" /* PathKit.framework */; };
		OBJ_254 /* PathKit.swift in Sources */ = {isa = PBXBuildFile; fileRef = OBJ_107 /* PathKit.swift */; };
		OBJ_260 /* BackgroundColor.swift in Sources */ = {isa = PBXBuildFile; fileRef = OBJ_110 /* BackgroundColor.swift */; };
		OBJ_261 /* CodesParser.swift in Sources */ = {isa = PBXBuildFile; fileRef = OBJ_111 /* CodesParser.swift */; };
		OBJ_262 /* Color.swift in Sources */ = {isa = PBXBuildFile; fileRef = OBJ_112 /* Color.swift */; };
		OBJ_263 /* ControlCode.swift in Sources */ = {isa = PBXBuildFile; fileRef = OBJ_113 /* ControlCode.swift */; };
		OBJ_264 /* ModesExtractor.swift in Sources */ = {isa = PBXBuildFile; fileRef = OBJ_114 /* ModesExtractor.swift */; };
		OBJ_265 /* OutputTarget.swift in Sources */ = {isa = PBXBuildFile; fileRef = OBJ_115 /* OutputTarget.swift */; };
		OBJ_266 /* Rainbow.swift in Sources */ = {isa = PBXBuildFile; fileRef = OBJ_116 /* Rainbow.swift */; };
		OBJ_267 /* String+Rainbow.swift in Sources */ = {isa = PBXBuildFile; fileRef = OBJ_117 /* String+Rainbow.swift */; };
		OBJ_268 /* StringGenerator.swift in Sources */ = {isa = PBXBuildFile; fileRef = OBJ_118 /* StringGenerator.swift */; };
		OBJ_269 /* Style.swift in Sources */ = {isa = PBXBuildFile; fileRef = OBJ_119 /* Style.swift */; };
		OBJ_270 /* XcodeColorsSupport.swift in Sources */ = {isa = PBXBuildFile; fileRef = OBJ_120 /* XcodeColorsSupport.swift */; };
		OBJ_276 /* Attribute.swift in Sources */ = {isa = PBXBuildFile; fileRef = OBJ_35 /* Attribute.swift */; };
		OBJ_277 /* DataModel.swift in Sources */ = {isa = PBXBuildFile; fileRef = OBJ_36 /* DataModel.swift */; };
		OBJ_278 /* DataModelError.swift in Sources */ = {isa = PBXBuildFile; fileRef = OBJ_37 /* DataModelError.swift */; };
		OBJ_279 /* DataModelKit.swift in Sources */ = {isa = PBXBuildFile; fileRef = OBJ_38 /* DataModelKit.swift */; };
		OBJ_280 /* Entity.swift in Sources */ = {isa = PBXBuildFile; fileRef = OBJ_39 /* Entity.swift */; };
		OBJ_281 /* Relationship.swift in Sources */ = {isa = PBXBuildFile; fileRef = OBJ_40 /* Relationship.swift */; };
		OBJ_282 /* UserInfo.swift in Sources */ = {isa = PBXBuildFile; fileRef = OBJ_41 /* UserInfo.swift */; };
		OBJ_284 /* SWXMLHash.framework in Frameworks */ = {isa = PBXBuildFile; fileRef = "SWXMLHash::SWXMLHash::Product" /* SWXMLHash.framework */; };
		OBJ_285 /* FileKit.framework in Frameworks */ = {isa = PBXBuildFile; fileRef = "FileKit::FileKit::Product" /* FileKit.framework */; };
		OBJ_292 /* SWXMLHash+TypeConversion.swift in Sources */ = {isa = PBXBuildFile; fileRef = OBJ_82 /* SWXMLHash+TypeConversion.swift */; };
		OBJ_293 /* SWXMLHash.swift in Sources */ = {isa = PBXBuildFile; fileRef = OBJ_83 /* SWXMLHash.swift */; };
		OBJ_299 /* Array+File.swift in Sources */ = {isa = PBXBuildFile; fileRef = OBJ_45 /* Array+File.swift */; };
		OBJ_300 /* ArrayFile.swift in Sources */ = {isa = PBXBuildFile; fileRef = OBJ_46 /* ArrayFile.swift */; };
		OBJ_301 /* Bundle+FileKit.swift in Sources */ = {isa = PBXBuildFile; fileRef = OBJ_47 /* Bundle+FileKit.swift */; };
		OBJ_302 /* Data+FileKit.swift in Sources */ = {isa = PBXBuildFile; fileRef = OBJ_48 /* Data+FileKit.swift */; };
		OBJ_303 /* DataFile.swift in Sources */ = {isa = PBXBuildFile; fileRef = OBJ_49 /* DataFile.swift */; };
		OBJ_304 /* DataType.swift in Sources */ = {isa = PBXBuildFile; fileRef = OBJ_50 /* DataType.swift */; };
		OBJ_305 /* Dictionary+File.swift in Sources */ = {isa = PBXBuildFile; fileRef = OBJ_51 /* Dictionary+File.swift */; };
		OBJ_306 /* DictionaryFile.swift in Sources */ = {isa = PBXBuildFile; fileRef = OBJ_52 /* DictionaryFile.swift */; };
		OBJ_307 /* DirectoryEnumerator.swift in Sources */ = {isa = PBXBuildFile; fileRef = OBJ_53 /* DirectoryEnumerator.swift */; };
		OBJ_308 /* DispatchEvent.swift in Sources */ = {isa = PBXBuildFile; fileRef = OBJ_54 /* DispatchEvent.swift */; };
		OBJ_309 /* DispatchWatcher.swift in Sources */ = {isa = PBXBuildFile; fileRef = OBJ_55 /* DispatchWatcher.swift */; };
		OBJ_310 /* File.swift in Sources */ = {isa = PBXBuildFile; fileRef = OBJ_56 /* File.swift */; };
		OBJ_311 /* FileKit.swift in Sources */ = {isa = PBXBuildFile; fileRef = OBJ_57 /* FileKit.swift */; };
		OBJ_312 /* FileKitError.swift in Sources */ = {isa = PBXBuildFile; fileRef = OBJ_58 /* FileKitError.swift */; };
		OBJ_313 /* FilePermissions.swift in Sources */ = {isa = PBXBuildFile; fileRef = OBJ_59 /* FilePermissions.swift */; };
		OBJ_314 /* FileProtection.swift in Sources */ = {isa = PBXBuildFile; fileRef = OBJ_60 /* FileProtection.swift */; };
		OBJ_315 /* FileSystemEvent.swift in Sources */ = {isa = PBXBuildFile; fileRef = OBJ_61 /* FileSystemEvent.swift */; };
		OBJ_316 /* FileSystemEventStream.swift in Sources */ = {isa = PBXBuildFile; fileRef = OBJ_62 /* FileSystemEventStream.swift */; };
		OBJ_317 /* FileSystemWatcher.swift in Sources */ = {isa = PBXBuildFile; fileRef = OBJ_63 /* FileSystemWatcher.swift */; };
		OBJ_318 /* FileType.swift in Sources */ = {isa = PBXBuildFile; fileRef = OBJ_64 /* FileType.swift */; };
		OBJ_319 /* Image+FileKit.swift in Sources */ = {isa = PBXBuildFile; fileRef = OBJ_65 /* Image+FileKit.swift */; };
		OBJ_320 /* ImageFile.swift in Sources */ = {isa = PBXBuildFile; fileRef = OBJ_66 /* ImageFile.swift */; };
		OBJ_321 /* JSONType.swift in Sources */ = {isa = PBXBuildFile; fileRef = OBJ_67 /* JSONType.swift */; };
		OBJ_322 /* NSArray+FileKit.swift in Sources */ = {isa = PBXBuildFile; fileRef = OBJ_68 /* NSArray+FileKit.swift */; };
		OBJ_323 /* NSData+FileKit.swift in Sources */ = {isa = PBXBuildFile; fileRef = OBJ_69 /* NSData+FileKit.swift */; };
		OBJ_324 /* NSDataFile.swift in Sources */ = {isa = PBXBuildFile; fileRef = OBJ_70 /* NSDataFile.swift */; };
		OBJ_325 /* NSDictionary+FileKit.swift in Sources */ = {isa = PBXBuildFile; fileRef = OBJ_71 /* NSDictionary+FileKit.swift */; };
		OBJ_326 /* NSString+FileKit.swift in Sources */ = {isa = PBXBuildFile; fileRef = OBJ_72 /* NSString+FileKit.swift */; };
		OBJ_327 /* Operators.swift in Sources */ = {isa = PBXBuildFile; fileRef = OBJ_73 /* Operators.swift */; };
		OBJ_328 /* Path.swift in Sources */ = {isa = PBXBuildFile; fileRef = OBJ_74 /* Path.swift */; };
		OBJ_329 /* Process+FileKit.swift in Sources */ = {isa = PBXBuildFile; fileRef = OBJ_75 /* Process+FileKit.swift */; };
		OBJ_330 /* PropertyListType.swift in Sources */ = {isa = PBXBuildFile; fileRef = OBJ_76 /* PropertyListType.swift */; };
		OBJ_331 /* RelativePathType.swift in Sources */ = {isa = PBXBuildFile; fileRef = OBJ_77 /* RelativePathType.swift */; };
		OBJ_332 /* String+FileKit.swift in Sources */ = {isa = PBXBuildFile; fileRef = OBJ_78 /* String+FileKit.swift */; };
		OBJ_333 /* TextFile.swift in Sources */ = {isa = PBXBuildFile; fileRef = OBJ_79 /* TextFile.swift */; };
/* End PBXBuildFile section */

/* Begin PBXContainerItemProxy section */
		3B8660DA1FBE344E0008F6B3 /* PBXContainerItemProxy */ = {
			isa = PBXContainerItemProxy;
			containerPortal = OBJ_1 /* Project object */;
			proxyType = 1;
			remoteGlobalIDString = "Commander::Commander";
			remoteInfo = Commander;
		};
		3B8660DB1FBE344E0008F6B3 /* PBXContainerItemProxy */ = {
			isa = PBXContainerItemProxy;
			containerPortal = OBJ_1 /* Project object */;
			proxyType = 1;
			remoteGlobalIDString = "Stencil::Stencil";
			remoteInfo = Stencil;
		};
		3B8660DC1FBE344E0008F6B3 /* PBXContainerItemProxy */ = {
			isa = PBXContainerItemProxy;
			containerPortal = OBJ_1 /* Project object */;
			proxyType = 1;
			remoteGlobalIDString = "PathKit::PathKit";
			remoteInfo = PathKit;
		};
		3B8660DD1FBE344E0008F6B3 /* PBXContainerItemProxy */ = {
			isa = PBXContainerItemProxy;
			containerPortal = OBJ_1 /* Project object */;
			proxyType = 1;
			remoteGlobalIDString = "PathKit::PathKit";
			remoteInfo = PathKit;
		};
		3B8660DE1FBE344E0008F6B3 /* PBXContainerItemProxy */ = {
			isa = PBXContainerItemProxy;
			containerPortal = OBJ_1 /* Project object */;
			proxyType = 1;
			remoteGlobalIDString = "Rainbow::Rainbow";
			remoteInfo = Rainbow;
		};
		3B8660DF1FBE344E0008F6B3 /* PBXContainerItemProxy */ = {
			isa = PBXContainerItemProxy;
			containerPortal = OBJ_1 /* Project object */;
			proxyType = 1;
			remoteGlobalIDString = "DataModelKit::DataModelKit";
			remoteInfo = DataModelKit;
		};
		3B8660E01FBE344E0008F6B3 /* PBXContainerItemProxy */ = {
			isa = PBXContainerItemProxy;
			containerPortal = OBJ_1 /* Project object */;
			proxyType = 1;
			remoteGlobalIDString = "SWXMLHash::SWXMLHash";
			remoteInfo = SWXMLHash;
		};
		3B8660E11FBE344E0008F6B3 /* PBXContainerItemProxy */ = {
			isa = PBXContainerItemProxy;
			containerPortal = OBJ_1 /* Project object */;
			proxyType = 1;
			remoteGlobalIDString = "FileKit::FileKit";
			remoteInfo = FileKit;
		};
		3B8660E21FBE344E0008F6B3 /* PBXContainerItemProxy */ = {
			isa = PBXContainerItemProxy;
			containerPortal = OBJ_1 /* Project object */;
			proxyType = 1;
			remoteGlobalIDString = "SWXMLHash::SWXMLHash";
			remoteInfo = SWXMLHash;
		};
		3B8660E31FBE344E0008F6B3 /* PBXContainerItemProxy */ = {
			isa = PBXContainerItemProxy;
			containerPortal = OBJ_1 /* Project object */;
			proxyType = 1;
			remoteGlobalIDString = "FileKit::FileKit";
			remoteInfo = FileKit;
		};
/* End PBXContainerItemProxy section */

/* Begin PBXFileReference section */
		"Commander::Commander::Product" /* Commander.framework */ = {isa = PBXFileReference; explicitFileType = wrapper.framework; path = Commander.framework; sourceTree = BUILT_PRODUCTS_DIR; };
		"DataModelGen::DataModelGen::Product" /* DataModelGen */ = {isa = PBXFileReference; lastKnownFileType = text; path = DataModelGen; sourceTree = BUILT_PRODUCTS_DIR; };
		"DataModelKit::DataModelKit::Product" /* DataModelKit.framework */ = {isa = PBXFileReference; explicitFileType = wrapper.framework; path = DataModelKit.framework; sourceTree = BUILT_PRODUCTS_DIR; };
		"FileKit::FileKit::Product" /* FileKit.framework */ = {isa = PBXFileReference; explicitFileType = wrapper.framework; path = FileKit.framework; sourceTree = BUILT_PRODUCTS_DIR; };
		OBJ_100 /* NowTag.swift */ = {isa = PBXFileReference; lastKnownFileType = sourcecode.swift; path = NowTag.swift; sourceTree = "<group>"; };
		OBJ_101 /* Parser.swift */ = {isa = PBXFileReference; lastKnownFileType = sourcecode.swift; path = Parser.swift; sourceTree = "<group>"; };
		OBJ_102 /* Template.swift */ = {isa = PBXFileReference; lastKnownFileType = sourcecode.swift; path = Template.swift; sourceTree = "<group>"; };
		OBJ_103 /* Tokenizer.swift */ = {isa = PBXFileReference; lastKnownFileType = sourcecode.swift; path = Tokenizer.swift; sourceTree = "<group>"; };
		OBJ_104 /* Variable.swift */ = {isa = PBXFileReference; lastKnownFileType = sourcecode.swift; path = Variable.swift; sourceTree = "<group>"; };
		OBJ_106 /* Package.swift */ = {isa = PBXFileReference; explicitFileType = sourcecode.swift; name = Package.swift; path = "/Users/allanvialatte/Developer/poissonballon-project/DataModelGen/.build/checkouts/PathKit.git-6878356600714126414/Package.swift"; sourceTree = "<group>"; };
		OBJ_107 /* PathKit.swift */ = {isa = PBXFileReference; lastKnownFileType = sourcecode.swift; path = PathKit.swift; sourceTree = "<group>"; };
		OBJ_109 /* Package.swift */ = {isa = PBXFileReference; explicitFileType = sourcecode.swift; name = Package.swift; path = "/Users/allanvialatte/Developer/poissonballon-project/DataModelGen/.build/checkouts/Rainbow-4833422609927903952/Package.swift"; sourceTree = "<group>"; };
		OBJ_11 /* Context.swift */ = {isa = PBXFileReference; lastKnownFileType = sourcecode.swift; path = Context.swift; sourceTree = "<group>"; };
		OBJ_110 /* BackgroundColor.swift */ = {isa = PBXFileReference; lastKnownFileType = sourcecode.swift; path = BackgroundColor.swift; sourceTree = "<group>"; };
		OBJ_111 /* CodesParser.swift */ = {isa = PBXFileReference; lastKnownFileType = sourcecode.swift; path = CodesParser.swift; sourceTree = "<group>"; };
		OBJ_112 /* Color.swift */ = {isa = PBXFileReference; lastKnownFileType = sourcecode.swift; path = Color.swift; sourceTree = "<group>"; };
		OBJ_113 /* ControlCode.swift */ = {isa = PBXFileReference; lastKnownFileType = sourcecode.swift; path = ControlCode.swift; sourceTree = "<group>"; };
		OBJ_114 /* ModesExtractor.swift */ = {isa = PBXFileReference; lastKnownFileType = sourcecode.swift; path = ModesExtractor.swift; sourceTree = "<group>"; };
		OBJ_115 /* OutputTarget.swift */ = {isa = PBXFileReference; lastKnownFileType = sourcecode.swift; path = OutputTarget.swift; sourceTree = "<group>"; };
		OBJ_116 /* Rainbow.swift */ = {isa = PBXFileReference; lastKnownFileType = sourcecode.swift; path = Rainbow.swift; sourceTree = "<group>"; };
		OBJ_117 /* String+Rainbow.swift */ = {isa = PBXFileReference; lastKnownFileType = sourcecode.swift; path = "String+Rainbow.swift"; sourceTree = "<group>"; };
		OBJ_118 /* StringGenerator.swift */ = {isa = PBXFileReference; lastKnownFileType = sourcecode.swift; path = StringGenerator.swift; sourceTree = "<group>"; };
		OBJ_119 /* Style.swift */ = {isa = PBXFileReference; lastKnownFileType = sourcecode.swift; path = Style.swift; sourceTree = "<group>"; };
		OBJ_12 /* DataModelKit+Gen.swift */ = {isa = PBXFileReference; lastKnownFileType = sourcecode.swift; path = "DataModelKit+Gen.swift"; sourceTree = "<group>"; };
		OBJ_120 /* XcodeColorsSupport.swift */ = {isa = PBXFileReference; lastKnownFileType = sourcecode.swift; path = XcodeColorsSupport.swift; sourceTree = "<group>"; };
		OBJ_13 /* Print.swift */ = {isa = PBXFileReference; lastKnownFileType = sourcecode.swift; path = Print.swift; sourceTree = "<group>"; };
		OBJ_14 /* main.swift */ = {isa = PBXFileReference; lastKnownFileType = sourcecode.swift; path = main.swift; sourceTree = "<group>"; };
		OBJ_16 /* Codable-Template.swift */ = {isa = PBXFileReference; lastKnownFileType = sourcecode.swift; path = "Codable-Template.swift"; sourceTree = "<group>"; };
		OBJ_18 /* Exemple */ = {isa = PBXFileReference; lastKnownFileType = folder; path = Exemple; sourceTree = SOURCE_ROOT; };
		OBJ_19 /* Templates */ = {isa = PBXFileReference; lastKnownFileType = folder; path = Templates; sourceTree = SOURCE_ROOT; };
		OBJ_23 /* ArgumentConvertible.swift */ = {isa = PBXFileReference; lastKnownFileType = sourcecode.swift; path = ArgumentConvertible.swift; sourceTree = "<group>"; };
		OBJ_24 /* ArgumentDescription.swift */ = {isa = PBXFileReference; lastKnownFileType = sourcecode.swift; path = ArgumentDescription.swift; sourceTree = "<group>"; };
		OBJ_25 /* ArgumentParser.swift */ = {isa = PBXFileReference; lastKnownFileType = sourcecode.swift; path = ArgumentParser.swift; sourceTree = "<group>"; };
		OBJ_26 /* Command.swift */ = {isa = PBXFileReference; lastKnownFileType = sourcecode.swift; path = Command.swift; sourceTree = "<group>"; };
		OBJ_27 /* CommandRunner.swift */ = {isa = PBXFileReference; lastKnownFileType = sourcecode.swift; path = CommandRunner.swift; sourceTree = "<group>"; };
		OBJ_28 /* CommandType.swift */ = {isa = PBXFileReference; lastKnownFileType = sourcecode.swift; path = CommandType.swift; sourceTree = "<group>"; };
		OBJ_29 /* Commands.swift */ = {isa = PBXFileReference; lastKnownFileType = sourcecode.swift; path = Commands.swift; sourceTree = "<group>"; };
		OBJ_30 /* Error.swift */ = {isa = PBXFileReference; lastKnownFileType = sourcecode.swift; path = Error.swift; sourceTree = "<group>"; };
		OBJ_31 /* Group.swift */ = {isa = PBXFileReference; lastKnownFileType = sourcecode.swift; path = Group.swift; sourceTree = "<group>"; };
		OBJ_32 /* Package.swift */ = {isa = PBXFileReference; explicitFileType = sourcecode.swift; name = Package.swift; path = "/Users/allanvialatte/Developer/poissonballon-project/DataModelGen/.build/checkouts/Commander.git-8842944228949165507/Package.swift"; sourceTree = "<group>"; };
		OBJ_35 /* Attribute.swift */ = {isa = PBXFileReference; lastKnownFileType = sourcecode.swift; path = Attribute.swift; sourceTree = "<group>"; };
		OBJ_36 /* DataModel.swift */ = {isa = PBXFileReference; lastKnownFileType = sourcecode.swift; path = DataModel.swift; sourceTree = "<group>"; };
		OBJ_37 /* DataModelError.swift */ = {isa = PBXFileReference; lastKnownFileType = sourcecode.swift; path = DataModelError.swift; sourceTree = "<group>"; };
		OBJ_38 /* DataModelKit.swift */ = {isa = PBXFileReference; lastKnownFileType = sourcecode.swift; path = DataModelKit.swift; sourceTree = "<group>"; };
		OBJ_39 /* Entity.swift */ = {isa = PBXFileReference; lastKnownFileType = sourcecode.swift; path = Entity.swift; sourceTree = "<group>"; };
		OBJ_40 /* Relationship.swift */ = {isa = PBXFileReference; lastKnownFileType = sourcecode.swift; path = Relationship.swift; sourceTree = "<group>"; };
		OBJ_41 /* UserInfo.swift */ = {isa = PBXFileReference; lastKnownFileType = sourcecode.swift; path = UserInfo.swift; sourceTree = "<group>"; };
		OBJ_42 /* Package.swift */ = {isa = PBXFileReference; explicitFileType = sourcecode.swift; name = Package.swift; path = "/Users/allanvialatte/Developer/poissonballon-project/DataModelGen/.build/checkouts/DataModelKit.git-3915170792283367859/Package.swift"; sourceTree = "<group>"; };
		OBJ_44 /* Package.swift */ = {isa = PBXFileReference; explicitFileType = sourcecode.swift; name = Package.swift; path = "/Users/allanvialatte/Developer/poissonballon-project/DataModelGen/.build/checkouts/FileKit.git--4494504688477027967/Package.swift"; sourceTree = "<group>"; };
		OBJ_45 /* Array+File.swift */ = {isa = PBXFileReference; lastKnownFileType = sourcecode.swift; path = "Array+File.swift"; sourceTree = "<group>"; };
		OBJ_46 /* ArrayFile.swift */ = {isa = PBXFileReference; lastKnownFileType = sourcecode.swift; path = ArrayFile.swift; sourceTree = "<group>"; };
		OBJ_47 /* Bundle+FileKit.swift */ = {isa = PBXFileReference; lastKnownFileType = sourcecode.swift; path = "Bundle+FileKit.swift"; sourceTree = "<group>"; };
		OBJ_48 /* Data+FileKit.swift */ = {isa = PBXFileReference; lastKnownFileType = sourcecode.swift; path = "Data+FileKit.swift"; sourceTree = "<group>"; };
		OBJ_49 /* DataFile.swift */ = {isa = PBXFileReference; lastKnownFileType = sourcecode.swift; path = DataFile.swift; sourceTree = "<group>"; };
		OBJ_50 /* DataType.swift */ = {isa = PBXFileReference; lastKnownFileType = sourcecode.swift; path = DataType.swift; sourceTree = "<group>"; };
		OBJ_51 /* Dictionary+File.swift */ = {isa = PBXFileReference; lastKnownFileType = sourcecode.swift; path = "Dictionary+File.swift"; sourceTree = "<group>"; };
		OBJ_52 /* DictionaryFile.swift */ = {isa = PBXFileReference; lastKnownFileType = sourcecode.swift; path = DictionaryFile.swift; sourceTree = "<group>"; };
		OBJ_53 /* DirectoryEnumerator.swift */ = {isa = PBXFileReference; lastKnownFileType = sourcecode.swift; path = DirectoryEnumerator.swift; sourceTree = "<group>"; };
		OBJ_54 /* DispatchEvent.swift */ = {isa = PBXFileReference; lastKnownFileType = sourcecode.swift; path = DispatchEvent.swift; sourceTree = "<group>"; };
		OBJ_55 /* DispatchWatcher.swift */ = {isa = PBXFileReference; lastKnownFileType = sourcecode.swift; path = DispatchWatcher.swift; sourceTree = "<group>"; };
		OBJ_56 /* File.swift */ = {isa = PBXFileReference; lastKnownFileType = sourcecode.swift; path = File.swift; sourceTree = "<group>"; };
		OBJ_57 /* FileKit.swift */ = {isa = PBXFileReference; lastKnownFileType = sourcecode.swift; path = FileKit.swift; sourceTree = "<group>"; };
		OBJ_58 /* FileKitError.swift */ = {isa = PBXFileReference; lastKnownFileType = sourcecode.swift; path = FileKitError.swift; sourceTree = "<group>"; };
		OBJ_59 /* FilePermissions.swift */ = {isa = PBXFileReference; lastKnownFileType = sourcecode.swift; path = FilePermissions.swift; sourceTree = "<group>"; };
		OBJ_6 /* Package.swift */ = {isa = PBXFileReference; explicitFileType = sourcecode.swift; path = Package.swift; sourceTree = "<group>"; };
		OBJ_60 /* FileProtection.swift */ = {isa = PBXFileReference; lastKnownFileType = sourcecode.swift; path = FileProtection.swift; sourceTree = "<group>"; };
		OBJ_61 /* FileSystemEvent.swift */ = {isa = PBXFileReference; lastKnownFileType = sourcecode.swift; path = FileSystemEvent.swift; sourceTree = "<group>"; };
		OBJ_62 /* FileSystemEventStream.swift */ = {isa = PBXFileReference; lastKnownFileType = sourcecode.swift; path = FileSystemEventStream.swift; sourceTree = "<group>"; };
		OBJ_63 /* FileSystemWatcher.swift */ = {isa = PBXFileReference; lastKnownFileType = sourcecode.swift; path = FileSystemWatcher.swift; sourceTree = "<group>"; };
		OBJ_64 /* FileType.swift */ = {isa = PBXFileReference; lastKnownFileType = sourcecode.swift; path = FileType.swift; sourceTree = "<group>"; };
		OBJ_65 /* Image+FileKit.swift */ = {isa = PBXFileReference; lastKnownFileType = sourcecode.swift; path = "Image+FileKit.swift"; sourceTree = "<group>"; };
		OBJ_66 /* ImageFile.swift */ = {isa = PBXFileReference; lastKnownFileType = sourcecode.swift; path = ImageFile.swift; sourceTree = "<group>"; };
		OBJ_67 /* JSONType.swift */ = {isa = PBXFileReference; lastKnownFileType = sourcecode.swift; path = JSONType.swift; sourceTree = "<group>"; };
		OBJ_68 /* NSArray+FileKit.swift */ = {isa = PBXFileReference; lastKnownFileType = sourcecode.swift; path = "NSArray+FileKit.swift"; sourceTree = "<group>"; };
		OBJ_69 /* NSData+FileKit.swift */ = {isa = PBXFileReference; lastKnownFileType = sourcecode.swift; path = "NSData+FileKit.swift"; sourceTree = "<group>"; };
		OBJ_70 /* NSDataFile.swift */ = {isa = PBXFileReference; lastKnownFileType = sourcecode.swift; path = NSDataFile.swift; sourceTree = "<group>"; };
		OBJ_71 /* NSDictionary+FileKit.swift */ = {isa = PBXFileReference; lastKnownFileType = sourcecode.swift; path = "NSDictionary+FileKit.swift"; sourceTree = "<group>"; };
		OBJ_72 /* NSString+FileKit.swift */ = {isa = PBXFileReference; lastKnownFileType = sourcecode.swift; path = "NSString+FileKit.swift"; sourceTree = "<group>"; };
		OBJ_73 /* Operators.swift */ = {isa = PBXFileReference; lastKnownFileType = sourcecode.swift; path = Operators.swift; sourceTree = "<group>"; };
		OBJ_74 /* Path.swift */ = {isa = PBXFileReference; lastKnownFileType = sourcecode.swift; path = Path.swift; sourceTree = "<group>"; };
		OBJ_75 /* Process+FileKit.swift */ = {isa = PBXFileReference; lastKnownFileType = sourcecode.swift; path = "Process+FileKit.swift"; sourceTree = "<group>"; };
		OBJ_76 /* PropertyListType.swift */ = {isa = PBXFileReference; lastKnownFileType = sourcecode.swift; path = PropertyListType.swift; sourceTree = "<group>"; };
		OBJ_77 /* RelativePathType.swift */ = {isa = PBXFileReference; lastKnownFileType = sourcecode.swift; path = RelativePathType.swift; sourceTree = "<group>"; };
		OBJ_78 /* String+FileKit.swift */ = {isa = PBXFileReference; lastKnownFileType = sourcecode.swift; path = "String+FileKit.swift"; sourceTree = "<group>"; };
		OBJ_79 /* TextFile.swift */ = {isa = PBXFileReference; lastKnownFileType = sourcecode.swift; path = TextFile.swift; sourceTree = "<group>"; };
		OBJ_81 /* Package.swift */ = {isa = PBXFileReference; explicitFileType = sourcecode.swift; name = Package.swift; path = "/Users/allanvialatte/Developer/poissonballon-project/DataModelGen/.build/checkouts/SWXMLHash.git-5776748636326364470/Package.swift"; sourceTree = "<group>"; };
		OBJ_82 /* SWXMLHash+TypeConversion.swift */ = {isa = PBXFileReference; lastKnownFileType = sourcecode.swift; path = "SWXMLHash+TypeConversion.swift"; sourceTree = "<group>"; };
		OBJ_83 /* SWXMLHash.swift */ = {isa = PBXFileReference; lastKnownFileType = sourcecode.swift; path = SWXMLHash.swift; sourceTree = "<group>"; };
		OBJ_85 /* Package.swift */ = {isa = PBXFileReference; explicitFileType = sourcecode.swift; name = Package.swift; path = "/Users/allanvialatte/Developer/poissonballon-project/DataModelGen/.build/checkouts/Stencil.git--6939070406643679251/Package.swift"; sourceTree = "<group>"; };
		OBJ_86 /* Context.swift */ = {isa = PBXFileReference; lastKnownFileType = sourcecode.swift; path = Context.swift; sourceTree = "<group>"; };
		OBJ_87 /* Environment.swift */ = {isa = PBXFileReference; lastKnownFileType = sourcecode.swift; path = Environment.swift; sourceTree = "<group>"; };
		OBJ_88 /* Errors.swift */ = {isa = PBXFileReference; lastKnownFileType = sourcecode.swift; path = Errors.swift; sourceTree = "<group>"; };
		OBJ_89 /* Expression.swift */ = {isa = PBXFileReference; lastKnownFileType = sourcecode.swift; path = Expression.swift; sourceTree = "<group>"; };
		OBJ_90 /* Extension.swift */ = {isa = PBXFileReference; lastKnownFileType = sourcecode.swift; path = Extension.swift; sourceTree = "<group>"; };
		OBJ_91 /* FilterTag.swift */ = {isa = PBXFileReference; lastKnownFileType = sourcecode.swift; path = FilterTag.swift; sourceTree = "<group>"; };
		OBJ_92 /* Filters.swift */ = {isa = PBXFileReference; lastKnownFileType = sourcecode.swift; path = Filters.swift; sourceTree = "<group>"; };
		OBJ_93 /* ForTag.swift */ = {isa = PBXFileReference; lastKnownFileType = sourcecode.swift; path = ForTag.swift; sourceTree = "<group>"; };
		OBJ_94 /* IfTag.swift */ = {isa = PBXFileReference; lastKnownFileType = sourcecode.swift; path = IfTag.swift; sourceTree = "<group>"; };
		OBJ_95 /* Include.swift */ = {isa = PBXFileReference; lastKnownFileType = sourcecode.swift; path = Include.swift; sourceTree = "<group>"; };
		OBJ_96 /* Inheritence.swift */ = {isa = PBXFileReference; lastKnownFileType = sourcecode.swift; path = Inheritence.swift; sourceTree = "<group>"; };
		OBJ_97 /* Lexer.swift */ = {isa = PBXFileReference; lastKnownFileType = sourcecode.swift; path = Lexer.swift; sourceTree = "<group>"; };
		OBJ_98 /* Loader.swift */ = {isa = PBXFileReference; lastKnownFileType = sourcecode.swift; path = Loader.swift; sourceTree = "<group>"; };
		OBJ_99 /* Node.swift */ = {isa = PBXFileReference; lastKnownFileType = sourcecode.swift; path = Node.swift; sourceTree = "<group>"; };
		"PathKit::PathKit::Product" /* PathKit.framework */ = {isa = PBXFileReference; explicitFileType = wrapper.framework; path = PathKit.framework; sourceTree = BUILT_PRODUCTS_DIR; };
		"Rainbow::Rainbow::Product" /* Rainbow.framework */ = {isa = PBXFileReference; explicitFileType = wrapper.framework; path = Rainbow.framework; sourceTree = BUILT_PRODUCTS_DIR; };
		"SWXMLHash::SWXMLHash::Product" /* SWXMLHash.framework */ = {isa = PBXFileReference; explicitFileType = wrapper.framework; path = SWXMLHash.framework; sourceTree = BUILT_PRODUCTS_DIR; };
		"Stencil::Stencil::Product" /* Stencil.framework */ = {isa = PBXFileReference; explicitFileType = wrapper.framework; path = Stencil.framework; sourceTree = BUILT_PRODUCTS_DIR; };
/* End PBXFileReference section */

/* Begin PBXFrameworksBuildPhase section */
		OBJ_188 /* Frameworks */ = {
			isa = PBXFrameworksBuildPhase;
			buildActionMask = 0;
			files = (
				OBJ_189 /* Commander.framework in Frameworks */,
				OBJ_190 /* Stencil.framework in Frameworks */,
				OBJ_191 /* PathKit.framework in Frameworks */,
				OBJ_192 /* Rainbow.framework in Frameworks */,
				OBJ_193 /* DataModelKit.framework in Frameworks */,
				OBJ_194 /* SWXMLHash.framework in Frameworks */,
				OBJ_195 /* FileKit.framework in Frameworks */,
			);
			runOnlyForDeploymentPostprocessing = 0;
		};
		OBJ_223 /* Frameworks */ = {
			isa = PBXFrameworksBuildPhase;
			buildActionMask = 0;
			files = (
			);
			runOnlyForDeploymentPostprocessing = 0;
		};
		OBJ_247 /* Frameworks */ = {
			isa = PBXFrameworksBuildPhase;
			buildActionMask = 0;
			files = (
				OBJ_248 /* PathKit.framework in Frameworks */,
			);
			runOnlyForDeploymentPostprocessing = 0;
		};
		OBJ_255 /* Frameworks */ = {
			isa = PBXFrameworksBuildPhase;
			buildActionMask = 0;
			files = (
			);
			runOnlyForDeploymentPostprocessing = 0;
		};
		OBJ_271 /* Frameworks */ = {
			isa = PBXFrameworksBuildPhase;
			buildActionMask = 0;
			files = (
			);
			runOnlyForDeploymentPostprocessing = 0;
		};
		OBJ_283 /* Frameworks */ = {
			isa = PBXFrameworksBuildPhase;
			buildActionMask = 0;
			files = (
				OBJ_284 /* SWXMLHash.framework in Frameworks */,
				OBJ_285 /* FileKit.framework in Frameworks */,
			);
			runOnlyForDeploymentPostprocessing = 0;
		};
		OBJ_294 /* Frameworks */ = {
			isa = PBXFrameworksBuildPhase;
			buildActionMask = 0;
			files = (
			);
			runOnlyForDeploymentPostprocessing = 0;
		};
		OBJ_334 /* Frameworks */ = {
			isa = PBXFrameworksBuildPhase;
			buildActionMask = 0;
			files = (
			);
			runOnlyForDeploymentPostprocessing = 0;
		};
/* End PBXFrameworksBuildPhase section */

/* Begin PBXGroup section */
		OBJ_10 /* DataModelGen */ = {
			isa = PBXGroup;
			children = (
				OBJ_11 /* Context.swift */,
				OBJ_12 /* DataModelKit+Gen.swift */,
				OBJ_13 /* Print.swift */,
				OBJ_14 /* main.swift */,
			);
			path = DataModelGen;
			sourceTree = "<group>";
		};
		OBJ_105 /* PathKit */ = {
			isa = PBXGroup;
			children = (
				OBJ_106 /* Package.swift */,
				OBJ_107 /* PathKit.swift */,
			);
			name = PathKit;
			path = ".build/checkouts/PathKit.git-6878356600714126414/Sources";
			sourceTree = SOURCE_ROOT;
		};
		OBJ_108 /* Rainbow */ = {
			isa = PBXGroup;
			children = (
				OBJ_109 /* Package.swift */,
				OBJ_110 /* BackgroundColor.swift */,
				OBJ_111 /* CodesParser.swift */,
				OBJ_112 /* Color.swift */,
				OBJ_113 /* ControlCode.swift */,
				OBJ_114 /* ModesExtractor.swift */,
				OBJ_115 /* OutputTarget.swift */,
				OBJ_116 /* Rainbow.swift */,
				OBJ_117 /* String+Rainbow.swift */,
				OBJ_118 /* StringGenerator.swift */,
				OBJ_119 /* Style.swift */,
				OBJ_120 /* XcodeColorsSupport.swift */,
			);
			name = Rainbow;
			path = ".build/checkouts/Rainbow-4833422609927903952/Sources";
			sourceTree = SOURCE_ROOT;
		};
		OBJ_121 /* Products */ = {
			isa = PBXGroup;
			children = (
				"DataModelGen::DataModelGen::Product" /* DataModelGen */,
				"Commander::Commander::Product" /* Commander.framework */,
				"Stencil::Stencil::Product" /* Stencil.framework */,
				"PathKit::PathKit::Product" /* PathKit.framework */,
				"Rainbow::Rainbow::Product" /* Rainbow.framework */,
				"DataModelKit::DataModelKit::Product" /* DataModelKit.framework */,
				"SWXMLHash::SWXMLHash::Product" /* SWXMLHash.framework */,
				"FileKit::FileKit::Product" /* FileKit.framework */,
			);
			name = Products;
			sourceTree = BUILT_PRODUCTS_DIR;
		};
		OBJ_15 /* DatalModelGen-Templates */ = {
			isa = PBXGroup;
			children = (
				OBJ_16 /* Codable-Template.swift */,
			);
			path = "DatalModelGen-Templates";
			sourceTree = "<group>";
		};
		OBJ_17 /* Tests */ = {
			isa = PBXGroup;
			children = (
			);
			name = Tests;
			sourceTree = SOURCE_ROOT;
		};
		OBJ_20 /* Dependencies */ = {
			isa = PBXGroup;
			children = (
				OBJ_21 /* Commander 0.8.0 */,
				OBJ_33 /* DataModelKit 1.0.0 */,
				OBJ_43 /* FileKit 5.0.0 */,
				OBJ_80 /* SWXMLHash 4.2.5 */,
				OBJ_84 /* Stencil */,
				OBJ_105 /* PathKit */,
				OBJ_108 /* Rainbow */,
			);
			name = Dependencies;
			sourceTree = "<group>";
		};
		OBJ_21 /* Commander 0.8.0 */ = {
			isa = PBXGroup;
			children = (
				OBJ_22 /* Commander */,
				OBJ_32 /* Package.swift */,
			);
			name = "Commander 0.8.0";
			sourceTree = SOURCE_ROOT;
		};
		OBJ_22 /* Commander */ = {
			isa = PBXGroup;
			children = (
				OBJ_23 /* ArgumentConvertible.swift */,
				OBJ_24 /* ArgumentDescription.swift */,
				OBJ_25 /* ArgumentParser.swift */,
				OBJ_26 /* Command.swift */,
				OBJ_27 /* CommandRunner.swift */,
				OBJ_28 /* CommandType.swift */,
				OBJ_29 /* Commands.swift */,
				OBJ_30 /* Error.swift */,
				OBJ_31 /* Group.swift */,
			);
			name = Commander;
			path = ".build/checkouts/Commander.git-8842944228949165507/Sources/Commander";
			sourceTree = SOURCE_ROOT;
		};
		OBJ_33 /* DataModelKit 1.0.0 */ = {
			isa = PBXGroup;
			children = (
				OBJ_34 /* DataModelKit */,
				OBJ_42 /* Package.swift */,
			);
			name = "DataModelKit 1.0.0";
			sourceTree = SOURCE_ROOT;
		};
		OBJ_34 /* DataModelKit */ = {
			isa = PBXGroup;
			children = (
				OBJ_35 /* Attribute.swift */,
				OBJ_36 /* DataModel.swift */,
				OBJ_37 /* DataModelError.swift */,
				OBJ_38 /* DataModelKit.swift */,
				OBJ_39 /* Entity.swift */,
				OBJ_40 /* Relationship.swift */,
				OBJ_41 /* UserInfo.swift */,
			);
			name = DataModelKit;
			path = ".build/checkouts/DataModelKit.git-3915170792283367859/Sources/DataModelKit";
			sourceTree = SOURCE_ROOT;
		};
		OBJ_43 /* FileKit 5.0.0 */ = {
			isa = PBXGroup;
			children = (
				OBJ_44 /* Package.swift */,
				OBJ_45 /* Array+File.swift */,
				OBJ_46 /* ArrayFile.swift */,
				OBJ_47 /* Bundle+FileKit.swift */,
				OBJ_48 /* Data+FileKit.swift */,
				OBJ_49 /* DataFile.swift */,
				OBJ_50 /* DataType.swift */,
				OBJ_51 /* Dictionary+File.swift */,
				OBJ_52 /* DictionaryFile.swift */,
				OBJ_53 /* DirectoryEnumerator.swift */,
				OBJ_54 /* DispatchEvent.swift */,
				OBJ_55 /* DispatchWatcher.swift */,
				OBJ_56 /* File.swift */,
				OBJ_57 /* FileKit.swift */,
				OBJ_58 /* FileKitError.swift */,
				OBJ_59 /* FilePermissions.swift */,
				OBJ_60 /* FileProtection.swift */,
				OBJ_61 /* FileSystemEvent.swift */,
				OBJ_62 /* FileSystemEventStream.swift */,
				OBJ_63 /* FileSystemWatcher.swift */,
				OBJ_64 /* FileType.swift */,
				OBJ_65 /* Image+FileKit.swift */,
				OBJ_66 /* ImageFile.swift */,
				OBJ_67 /* JSONType.swift */,
				OBJ_68 /* NSArray+FileKit.swift */,
				OBJ_69 /* NSData+FileKit.swift */,
				OBJ_70 /* NSDataFile.swift */,
				OBJ_71 /* NSDictionary+FileKit.swift */,
				OBJ_72 /* NSString+FileKit.swift */,
				OBJ_73 /* Operators.swift */,
				OBJ_74 /* Path.swift */,
				OBJ_75 /* Process+FileKit.swift */,
				OBJ_76 /* PropertyListType.swift */,
				OBJ_77 /* RelativePathType.swift */,
				OBJ_78 /* String+FileKit.swift */,
				OBJ_79 /* TextFile.swift */,
			);
			name = "FileKit 5.0.0";
			path = ".build/checkouts/FileKit.git--4494504688477027967/Sources";
			sourceTree = SOURCE_ROOT;
		};
		OBJ_5 /*  */ = {
			isa = PBXGroup;
			children = (
				OBJ_6 /* Package.swift */,
				OBJ_7 /* Sources */,
				OBJ_17 /* Tests */,
				OBJ_18 /* Exemple */,
				OBJ_19 /* Templates */,
				OBJ_20 /* Dependencies */,
				OBJ_121 /* Products */,
			);
			name = "";
			sourceTree = "<group>";
		};
		OBJ_7 /* Sources */ = {
			isa = PBXGroup;
			children = (
				OBJ_8 /* DataModelGen */,
			);
			name = Sources;
			sourceTree = SOURCE_ROOT;
		};
		OBJ_8 /* DataModelGen */ = {
			isa = PBXGroup;
			children = (
				OBJ_9 /* Sources */,
			);
			name = DataModelGen;
			sourceTree = SOURCE_ROOT;
		};
		OBJ_80 /* SWXMLHash 4.2.5 */ = {
			isa = PBXGroup;
			children = (
				OBJ_81 /* Package.swift */,
				OBJ_82 /* SWXMLHash+TypeConversion.swift */,
				OBJ_83 /* SWXMLHash.swift */,
			);
			name = "SWXMLHash 4.2.5";
			path = ".build/checkouts/SWXMLHash.git-5776748636326364470/Source";
			sourceTree = SOURCE_ROOT;
		};
		OBJ_84 /* Stencil */ = {
			isa = PBXGroup;
			children = (
				OBJ_85 /* Package.swift */,
				OBJ_86 /* Context.swift */,
				OBJ_87 /* Environment.swift */,
				OBJ_88 /* Errors.swift */,
				OBJ_89 /* Expression.swift */,
				OBJ_90 /* Extension.swift */,
				OBJ_91 /* FilterTag.swift */,
				OBJ_92 /* Filters.swift */,
				OBJ_93 /* ForTag.swift */,
				OBJ_94 /* IfTag.swift */,
				OBJ_95 /* Include.swift */,
				OBJ_96 /* Inheritence.swift */,
				OBJ_97 /* Lexer.swift */,
				OBJ_98 /* Loader.swift */,
				OBJ_99 /* Node.swift */,
				OBJ_100 /* NowTag.swift */,
				OBJ_101 /* Parser.swift */,
				OBJ_102 /* Template.swift */,
				OBJ_103 /* Tokenizer.swift */,
				OBJ_104 /* Variable.swift */,
			);
			name = Stencil;
			path = ".build/checkouts/Stencil.git--6939070406643679251/Sources";
			sourceTree = SOURCE_ROOT;
		};
		OBJ_9 /* Sources */ = {
			isa = PBXGroup;
			children = (
				OBJ_10 /* DataModelGen */,
				OBJ_15 /* DatalModelGen-Templates */,
			);
			path = Sources;
			sourceTree = "<group>";
		};
/* End PBXGroup section */

/* Begin PBXNativeTarget section */
		"Commander::Commander" /* Commander */ = {
			isa = PBXNativeTarget;
			buildConfigurationList = OBJ_210 /* Build configuration list for PBXNativeTarget "Commander" */;
			buildPhases = (
				OBJ_213 /* Sources */,
				OBJ_223 /* Frameworks */,
			);
			buildRules = (
			);
			dependencies = (
			);
			name = Commander;
			productName = Commander;
			productReference = "Commander::Commander::Product" /* Commander.framework */;
			productType = "com.apple.product-type.framework";
		};
		"Commander::SwiftPMPackageDescription" /* CommanderPackageDescription */ = {
			isa = PBXNativeTarget;
			buildConfigurationList = OBJ_137 /* Build configuration list for PBXNativeTarget "CommanderPackageDescription" */;
			buildPhases = (
				OBJ_140 /* Sources */,
			);
			buildRules = (
			);
			dependencies = (
			);
			name = CommanderPackageDescription;
			productName = CommanderPackageDescription;
			productType = "com.apple.product-type.framework";
		};
		"DataModelGen::DataModelGen" /* DataModelGen */ = {
			isa = PBXNativeTarget;
			buildConfigurationList = OBJ_179 /* Build configuration list for PBXNativeTarget "DataModelGen" */;
			buildPhases = (
				OBJ_182 /* Sources */,
				OBJ_188 /* Frameworks */,
			);
			buildRules = (
			);
			dependencies = (
				OBJ_196 /* PBXTargetDependency */,
				OBJ_198 /* PBXTargetDependency */,
				OBJ_200 /* PBXTargetDependency */,
				OBJ_202 /* PBXTargetDependency */,
				OBJ_204 /* PBXTargetDependency */,
				OBJ_206 /* PBXTargetDependency */,
				OBJ_208 /* PBXTargetDependency */,
			);
			name = DataModelGen;
			productName = DataModelGen;
			productReference = "DataModelGen::DataModelGen::Product" /* DataModelGen */;
			productType = "com.apple.product-type.tool";
		};
		"DataModelGen::SwiftPMPackageDescription" /* DataModelGenPackageDescription */ = {
			isa = PBXNativeTarget;
			buildConfigurationList = OBJ_131 /* Build configuration list for PBXNativeTarget "DataModelGenPackageDescription" */;
			buildPhases = (
				OBJ_134 /* Sources */,
			);
			buildRules = (
			);
			dependencies = (
			);
			name = DataModelGenPackageDescription;
			productName = DataModelGenPackageDescription;
			productType = "com.apple.product-type.framework";
		};
		"DataModelKit::DataModelKit" /* DataModelKit */ = {
			isa = PBXNativeTarget;
			buildConfigurationList = OBJ_272 /* Build configuration list for PBXNativeTarget "DataModelKit" */;
			buildPhases = (
				OBJ_275 /* Sources */,
				OBJ_283 /* Frameworks */,
			);
			buildRules = (
			);
			dependencies = (
				OBJ_286 /* PBXTargetDependency */,
				OBJ_287 /* PBXTargetDependency */,
			);
			name = DataModelKit;
			productName = DataModelKit;
			productReference = "DataModelKit::DataModelKit::Product" /* DataModelKit.framework */;
			productType = "com.apple.product-type.framework";
		};
		"DataModelKit::SwiftPMPackageDescription" /* DataModelKitPackageDescription */ = {
			isa = PBXNativeTarget;
			buildConfigurationList = OBJ_143 /* Build configuration list for PBXNativeTarget "DataModelKitPackageDescription" */;
			buildPhases = (
				OBJ_146 /* Sources */,
			);
			buildRules = (
			);
			dependencies = (
			);
			name = DataModelKitPackageDescription;
			productName = DataModelKitPackageDescription;
			productType = "com.apple.product-type.framework";
		};
		"FileKit::FileKit" /* FileKit */ = {
			isa = PBXNativeTarget;
			buildConfigurationList = OBJ_295 /* Build configuration list for PBXNativeTarget "FileKit" */;
			buildPhases = (
				OBJ_298 /* Sources */,
				OBJ_334 /* Frameworks */,
			);
			buildRules = (
			);
			dependencies = (
			);
			name = FileKit;
			productName = FileKit;
			productReference = "FileKit::FileKit::Product" /* FileKit.framework */;
			productType = "com.apple.product-type.framework";
		};
		"FileKit::SwiftPMPackageDescription" /* FileKitPackageDescription */ = {
			isa = PBXNativeTarget;
			buildConfigurationList = OBJ_149 /* Build configuration list for PBXNativeTarget "FileKitPackageDescription" */;
			buildPhases = (
				OBJ_152 /* Sources */,
			);
			buildRules = (
			);
			dependencies = (
			);
			name = FileKitPackageDescription;
			productName = FileKitPackageDescription;
			productType = "com.apple.product-type.framework";
		};
		"PathKit::PathKit" /* PathKit */ = {
			isa = PBXNativeTarget;
			buildConfigurationList = OBJ_250 /* Build configuration list for PBXNativeTarget "PathKit" */;
			buildPhases = (
				OBJ_253 /* Sources */,
				OBJ_255 /* Frameworks */,
			);
			buildRules = (
			);
			dependencies = (
			);
			name = PathKit;
			productName = PathKit;
			productReference = "PathKit::PathKit::Product" /* PathKit.framework */;
			productType = "com.apple.product-type.framework";
		};
		"PathKit::SwiftPMPackageDescription" /* PathKitPackageDescription */ = {
			isa = PBXNativeTarget;
			buildConfigurationList = OBJ_167 /* Build configuration list for PBXNativeTarget "PathKitPackageDescription" */;
			buildPhases = (
				OBJ_170 /* Sources */,
			);
			buildRules = (
			);
			dependencies = (
			);
			name = PathKitPackageDescription;
			productName = PathKitPackageDescription;
			productType = "com.apple.product-type.framework";
		};
		"Rainbow::Rainbow" /* Rainbow */ = {
			isa = PBXNativeTarget;
			buildConfigurationList = OBJ_256 /* Build configuration list for PBXNativeTarget "Rainbow" */;
			buildPhases = (
				OBJ_259 /* Sources */,
				OBJ_271 /* Frameworks */,
			);
			buildRules = (
			);
			dependencies = (
			);
			name = Rainbow;
			productName = Rainbow;
			productReference = "Rainbow::Rainbow::Product" /* Rainbow.framework */;
			productType = "com.apple.product-type.framework";
		};
		"Rainbow::SwiftPMPackageDescription" /* RainbowPackageDescription */ = {
			isa = PBXNativeTarget;
			buildConfigurationList = OBJ_173 /* Build configuration list for PBXNativeTarget "RainbowPackageDescription" */;
			buildPhases = (
				OBJ_176 /* Sources */,
			);
			buildRules = (
			);
			dependencies = (
			);
			name = RainbowPackageDescription;
			productName = RainbowPackageDescription;
			productType = "com.apple.product-type.framework";
		};
		"SWXMLHash::SWXMLHash" /* SWXMLHash */ = {
			isa = PBXNativeTarget;
			buildConfigurationList = OBJ_288 /* Build configuration list for PBXNativeTarget "SWXMLHash" */;
			buildPhases = (
				OBJ_291 /* Sources */,
				OBJ_294 /* Frameworks */,
			);
			buildRules = (
			);
			dependencies = (
			);
			name = SWXMLHash;
			productName = SWXMLHash;
			productReference = "SWXMLHash::SWXMLHash::Product" /* SWXMLHash.framework */;
			productType = "com.apple.product-type.framework";
		};
		"SWXMLHash::SwiftPMPackageDescription" /* SWXMLHashPackageDescription */ = {
			isa = PBXNativeTarget;
			buildConfigurationList = OBJ_155 /* Build configuration list for PBXNativeTarget "SWXMLHashPackageDescription" */;
			buildPhases = (
				OBJ_158 /* Sources */,
			);
			buildRules = (
			);
			dependencies = (
			);
			name = SWXMLHashPackageDescription;
			productName = SWXMLHashPackageDescription;
			productType = "com.apple.product-type.framework";
		};
		"Stencil::Stencil" /* Stencil */ = {
			isa = PBXNativeTarget;
			buildConfigurationList = OBJ_224 /* Build configuration list for PBXNativeTarget "Stencil" */;
			buildPhases = (
				OBJ_227 /* Sources */,
				OBJ_247 /* Frameworks */,
			);
			buildRules = (
			);
			dependencies = (
				OBJ_249 /* PBXTargetDependency */,
			);
			name = Stencil;
			productName = Stencil;
			productReference = "Stencil::Stencil::Product" /* Stencil.framework */;
			productType = "com.apple.product-type.framework";
		};
		"Stencil::SwiftPMPackageDescription" /* StencilPackageDescription */ = {
			isa = PBXNativeTarget;
			buildConfigurationList = OBJ_161 /* Build configuration list for PBXNativeTarget "StencilPackageDescription" */;
			buildPhases = (
				OBJ_164 /* Sources */,
			);
			buildRules = (
			);
			dependencies = (
			);
			name = StencilPackageDescription;
			productName = StencilPackageDescription;
			productType = "com.apple.product-type.framework";
		};
/* End PBXNativeTarget section */

/* Begin PBXProject section */
		OBJ_1 /* Project object */ = {
			isa = PBXProject;
			attributes = {
				LastUpgradeCheck = 9999;
			};
			buildConfigurationList = OBJ_2 /* Build configuration list for PBXProject "DataModelGen" */;
			compatibilityVersion = "Xcode 3.2";
			developmentRegion = English;
			hasScannedForEncodings = 0;
			knownRegions = (
				en,
			);
			mainGroup = OBJ_5 /*  */;
			productRefGroup = OBJ_121 /* Products */;
			projectDirPath = "";
			projectRoot = "";
			targets = (
				"DataModelGen::SwiftPMPackageDescription" /* DataModelGenPackageDescription */,
				"Commander::SwiftPMPackageDescription" /* CommanderPackageDescription */,
				"DataModelKit::SwiftPMPackageDescription" /* DataModelKitPackageDescription */,
				"FileKit::SwiftPMPackageDescription" /* FileKitPackageDescription */,
				"SWXMLHash::SwiftPMPackageDescription" /* SWXMLHashPackageDescription */,
				"Stencil::SwiftPMPackageDescription" /* StencilPackageDescription */,
				"PathKit::SwiftPMPackageDescription" /* PathKitPackageDescription */,
				"Rainbow::SwiftPMPackageDescription" /* RainbowPackageDescription */,
				"DataModelGen::DataModelGen" /* DataModelGen */,
				"Commander::Commander" /* Commander */,
				"Stencil::Stencil" /* Stencil */,
				"PathKit::PathKit" /* PathKit */,
				"Rainbow::Rainbow" /* Rainbow */,
				"DataModelKit::DataModelKit" /* DataModelKit */,
				"SWXMLHash::SWXMLHash" /* SWXMLHash */,
				"FileKit::FileKit" /* FileKit */,
			);
		};
/* End PBXProject section */

/* Begin PBXSourcesBuildPhase section */
		OBJ_134 /* Sources */ = {
			isa = PBXSourcesBuildPhase;
			buildActionMask = 0;
			files = (
				OBJ_135 /* Package.swift in Sources */,
			);
			runOnlyForDeploymentPostprocessing = 0;
		};
		OBJ_140 /* Sources */ = {
			isa = PBXSourcesBuildPhase;
			buildActionMask = 0;
			files = (
				OBJ_141 /* Package.swift in Sources */,
			);
			runOnlyForDeploymentPostprocessing = 0;
		};
		OBJ_146 /* Sources */ = {
			isa = PBXSourcesBuildPhase;
			buildActionMask = 0;
			files = (
				OBJ_147 /* Package.swift in Sources */,
			);
			runOnlyForDeploymentPostprocessing = 0;
		};
		OBJ_152 /* Sources */ = {
			isa = PBXSourcesBuildPhase;
			buildActionMask = 0;
			files = (
				OBJ_153 /* Package.swift in Sources */,
			);
			runOnlyForDeploymentPostprocessing = 0;
		};
		OBJ_158 /* Sources */ = {
			isa = PBXSourcesBuildPhase;
			buildActionMask = 0;
			files = (
				OBJ_159 /* Package.swift in Sources */,
			);
			runOnlyForDeploymentPostprocessing = 0;
		};
		OBJ_164 /* Sources */ = {
			isa = PBXSourcesBuildPhase;
			buildActionMask = 0;
			files = (
				OBJ_165 /* Package.swift in Sources */,
			);
			runOnlyForDeploymentPostprocessing = 0;
		};
		OBJ_170 /* Sources */ = {
			isa = PBXSourcesBuildPhase;
			buildActionMask = 0;
			files = (
				OBJ_171 /* Package.swift in Sources */,
			);
			runOnlyForDeploymentPostprocessing = 0;
		};
		OBJ_176 /* Sources */ = {
			isa = PBXSourcesBuildPhase;
			buildActionMask = 0;
			files = (
				OBJ_177 /* Package.swift in Sources */,
			);
			runOnlyForDeploymentPostprocessing = 0;
		};
		OBJ_182 /* Sources */ = {
			isa = PBXSourcesBuildPhase;
			buildActionMask = 0;
			files = (
				OBJ_183 /* Context.swift in Sources */,
				OBJ_184 /* DataModelKit+Gen.swift in Sources */,
				OBJ_185 /* Print.swift in Sources */,
				OBJ_186 /* main.swift in Sources */,
				OBJ_187 /* Codable-Template.swift in Sources */,
			);
			runOnlyForDeploymentPostprocessing = 0;
		};
		OBJ_213 /* Sources */ = {
			isa = PBXSourcesBuildPhase;
			buildActionMask = 0;
			files = (
				OBJ_214 /* ArgumentConvertible.swift in Sources */,
				OBJ_215 /* ArgumentDescription.swift in Sources */,
				OBJ_216 /* ArgumentParser.swift in Sources */,
				OBJ_217 /* Command.swift in Sources */,
				OBJ_218 /* CommandRunner.swift in Sources */,
				OBJ_219 /* CommandType.swift in Sources */,
				OBJ_220 /* Commands.swift in Sources */,
				OBJ_221 /* Error.swift in Sources */,
				OBJ_222 /* Group.swift in Sources */,
			);
			runOnlyForDeploymentPostprocessing = 0;
		};
		OBJ_227 /* Sources */ = {
			isa = PBXSourcesBuildPhase;
			buildActionMask = 0;
			files = (
				OBJ_228 /* Context.swift in Sources */,
				OBJ_229 /* Environment.swift in Sources */,
				OBJ_230 /* Errors.swift in Sources */,
				OBJ_231 /* Expression.swift in Sources */,
				OBJ_232 /* Extension.swift in Sources */,
				OBJ_233 /* FilterTag.swift in Sources */,
				OBJ_234 /* Filters.swift in Sources */,
				OBJ_235 /* ForTag.swift in Sources */,
				OBJ_236 /* IfTag.swift in Sources */,
				OBJ_237 /* Include.swift in Sources */,
				OBJ_238 /* Inheritence.swift in Sources */,
				OBJ_239 /* Lexer.swift in Sources */,
				OBJ_240 /* Loader.swift in Sources */,
				OBJ_241 /* Node.swift in Sources */,
				OBJ_242 /* NowTag.swift in Sources */,
				OBJ_243 /* Parser.swift in Sources */,
				OBJ_244 /* Template.swift in Sources */,
				OBJ_245 /* Tokenizer.swift in Sources */,
				OBJ_246 /* Variable.swift in Sources */,
			);
			runOnlyForDeploymentPostprocessing = 0;
		};
		OBJ_253 /* Sources */ = {
			isa = PBXSourcesBuildPhase;
			buildActionMask = 0;
			files = (
				OBJ_254 /* PathKit.swift in Sources */,
			);
			runOnlyForDeploymentPostprocessing = 0;
		};
		OBJ_259 /* Sources */ = {
			isa = PBXSourcesBuildPhase;
			buildActionMask = 0;
			files = (
				OBJ_260 /* BackgroundColor.swift in Sources */,
				OBJ_261 /* CodesParser.swift in Sources */,
				OBJ_262 /* Color.swift in Sources */,
				OBJ_263 /* ControlCode.swift in Sources */,
				OBJ_264 /* ModesExtractor.swift in Sources */,
				OBJ_265 /* OutputTarget.swift in Sources */,
				OBJ_266 /* Rainbow.swift in Sources */,
				OBJ_267 /* String+Rainbow.swift in Sources */,
				OBJ_268 /* StringGenerator.swift in Sources */,
				OBJ_269 /* Style.swift in Sources */,
				OBJ_270 /* XcodeColorsSupport.swift in Sources */,
			);
			runOnlyForDeploymentPostprocessing = 0;
		};
		OBJ_275 /* Sources */ = {
			isa = PBXSourcesBuildPhase;
			buildActionMask = 0;
			files = (
				OBJ_276 /* Attribute.swift in Sources */,
				OBJ_277 /* DataModel.swift in Sources */,
				OBJ_278 /* DataModelError.swift in Sources */,
				OBJ_279 /* DataModelKit.swift in Sources */,
				OBJ_280 /* Entity.swift in Sources */,
				OBJ_281 /* Relationship.swift in Sources */,
				OBJ_282 /* UserInfo.swift in Sources */,
			);
			runOnlyForDeploymentPostprocessing = 0;
		};
		OBJ_291 /* Sources */ = {
			isa = PBXSourcesBuildPhase;
			buildActionMask = 0;
			files = (
				OBJ_292 /* SWXMLHash+TypeConversion.swift in Sources */,
				OBJ_293 /* SWXMLHash.swift in Sources */,
			);
			runOnlyForDeploymentPostprocessing = 0;
		};
		OBJ_298 /* Sources */ = {
			isa = PBXSourcesBuildPhase;
			buildActionMask = 0;
			files = (
				OBJ_299 /* Array+File.swift in Sources */,
				OBJ_300 /* ArrayFile.swift in Sources */,
				OBJ_301 /* Bundle+FileKit.swift in Sources */,
				OBJ_302 /* Data+FileKit.swift in Sources */,
				OBJ_303 /* DataFile.swift in Sources */,
				OBJ_304 /* DataType.swift in Sources */,
				OBJ_305 /* Dictionary+File.swift in Sources */,
				OBJ_306 /* DictionaryFile.swift in Sources */,
				OBJ_307 /* DirectoryEnumerator.swift in Sources */,
				OBJ_308 /* DispatchEvent.swift in Sources */,
				OBJ_309 /* DispatchWatcher.swift in Sources */,
				OBJ_310 /* File.swift in Sources */,
				OBJ_311 /* FileKit.swift in Sources */,
				OBJ_312 /* FileKitError.swift in Sources */,
				OBJ_313 /* FilePermissions.swift in Sources */,
				OBJ_314 /* FileProtection.swift in Sources */,
				OBJ_315 /* FileSystemEvent.swift in Sources */,
				OBJ_316 /* FileSystemEventStream.swift in Sources */,
				OBJ_317 /* FileSystemWatcher.swift in Sources */,
				OBJ_318 /* FileType.swift in Sources */,
				OBJ_319 /* Image+FileKit.swift in Sources */,
				OBJ_320 /* ImageFile.swift in Sources */,
				OBJ_321 /* JSONType.swift in Sources */,
				OBJ_322 /* NSArray+FileKit.swift in Sources */,
				OBJ_323 /* NSData+FileKit.swift in Sources */,
				OBJ_324 /* NSDataFile.swift in Sources */,
				OBJ_325 /* NSDictionary+FileKit.swift in Sources */,
				OBJ_326 /* NSString+FileKit.swift in Sources */,
				OBJ_327 /* Operators.swift in Sources */,
				OBJ_328 /* Path.swift in Sources */,
				OBJ_329 /* Process+FileKit.swift in Sources */,
				OBJ_330 /* PropertyListType.swift in Sources */,
				OBJ_331 /* RelativePathType.swift in Sources */,
				OBJ_332 /* String+FileKit.swift in Sources */,
				OBJ_333 /* TextFile.swift in Sources */,
			);
			runOnlyForDeploymentPostprocessing = 0;
		};
/* End PBXSourcesBuildPhase section */

/* Begin PBXTargetDependency section */
		OBJ_196 /* PBXTargetDependency */ = {
			isa = PBXTargetDependency;
			target = "Commander::Commander" /* Commander */;
			targetProxy = 3B8660DA1FBE344E0008F6B3 /* PBXContainerItemProxy */;
		};
		OBJ_198 /* PBXTargetDependency */ = {
			isa = PBXTargetDependency;
			target = "Stencil::Stencil" /* Stencil */;
			targetProxy = 3B8660DB1FBE344E0008F6B3 /* PBXContainerItemProxy */;
		};
		OBJ_200 /* PBXTargetDependency */ = {
			isa = PBXTargetDependency;
			target = "PathKit::PathKit" /* PathKit */;
			targetProxy = 3B8660DD1FBE344E0008F6B3 /* PBXContainerItemProxy */;
		};
		OBJ_202 /* PBXTargetDependency */ = {
			isa = PBXTargetDependency;
			target = "Rainbow::Rainbow" /* Rainbow */;
			targetProxy = 3B8660DE1FBE344E0008F6B3 /* PBXContainerItemProxy */;
		};
		OBJ_204 /* PBXTargetDependency */ = {
			isa = PBXTargetDependency;
			target = "DataModelKit::DataModelKit" /* DataModelKit */;
			targetProxy = 3B8660DF1FBE344E0008F6B3 /* PBXContainerItemProxy */;
		};
		OBJ_206 /* PBXTargetDependency */ = {
			isa = PBXTargetDependency;
			target = "SWXMLHash::SWXMLHash" /* SWXMLHash */;
			targetProxy = 3B8660E21FBE344E0008F6B3 /* PBXContainerItemProxy */;
		};
		OBJ_208 /* PBXTargetDependency */ = {
			isa = PBXTargetDependency;
			target = "FileKit::FileKit" /* FileKit */;
			targetProxy = 3B8660E31FBE344E0008F6B3 /* PBXContainerItemProxy */;
		};
		OBJ_249 /* PBXTargetDependency */ = {
			isa = PBXTargetDependency;
			target = "PathKit::PathKit" /* PathKit */;
			targetProxy = 3B8660DC1FBE344E0008F6B3 /* PBXContainerItemProxy */;
		};
		OBJ_286 /* PBXTargetDependency */ = {
			isa = PBXTargetDependency;
			target = "SWXMLHash::SWXMLHash" /* SWXMLHash */;
			targetProxy = 3B8660E01FBE344E0008F6B3 /* PBXContainerItemProxy */;
		};
		OBJ_287 /* PBXTargetDependency */ = {
			isa = PBXTargetDependency;
			target = "FileKit::FileKit" /* FileKit */;
			targetProxy = 3B8660E11FBE344E0008F6B3 /* PBXContainerItemProxy */;
		};
/* End PBXTargetDependency section */

/* Begin XCBuildConfiguration section */
		OBJ_132 /* Debug */ = {
			isa = XCBuildConfiguration;
			buildSettings = {
				LD = /usr/bin/true;
				OTHER_SWIFT_FLAGS = "-swift-version 4 -I /Applications/Xcode-9.1.0.app/Contents/Developer/Toolchains/XcodeDefault.xctoolchain/usr/lib/swift/pm/4 -target x86_64-apple-macosx10.10 -sdk /Applications/Xcode-9.1.0.app/Contents/Developer/Platforms/MacOSX.platform/Developer/SDKs/MacOSX10.13.sdk";
				SWIFT_VERSION = 4.0;
			};
			name = Debug;
		};
		OBJ_133 /* Release */ = {
			isa = XCBuildConfiguration;
			buildSettings = {
				LD = /usr/bin/true;
				OTHER_SWIFT_FLAGS = "-swift-version 4 -I /Applications/Xcode-9.1.0.app/Contents/Developer/Toolchains/XcodeDefault.xctoolchain/usr/lib/swift/pm/4 -target x86_64-apple-macosx10.10 -sdk /Applications/Xcode-9.1.0.app/Contents/Developer/Platforms/MacOSX.platform/Developer/SDKs/MacOSX10.13.sdk";
				SWIFT_VERSION = 4.0;
			};
			name = Release;
		};
		OBJ_138 /* Debug */ = {
			isa = XCBuildConfiguration;
			buildSettings = {
				LD = /usr/bin/true;
				OTHER_SWIFT_FLAGS = "-swift-version 4 -I /Applications/Xcode-9.1.0.app/Contents/Developer/Toolchains/XcodeDefault.xctoolchain/usr/lib/swift/pm/4 -target x86_64-apple-macosx10.10 -sdk /Applications/Xcode-9.1.0.app/Contents/Developer/Platforms/MacOSX.platform/Developer/SDKs/MacOSX10.13.sdk";
				SWIFT_VERSION = 4.0;
			};
			name = Debug;
		};
		OBJ_139 /* Release */ = {
			isa = XCBuildConfiguration;
			buildSettings = {
				LD = /usr/bin/true;
				OTHER_SWIFT_FLAGS = "-swift-version 4 -I /Applications/Xcode-9.1.0.app/Contents/Developer/Toolchains/XcodeDefault.xctoolchain/usr/lib/swift/pm/4 -target x86_64-apple-macosx10.10 -sdk /Applications/Xcode-9.1.0.app/Contents/Developer/Platforms/MacOSX.platform/Developer/SDKs/MacOSX10.13.sdk";
				SWIFT_VERSION = 4.0;
			};
			name = Release;
		};
		OBJ_144 /* Debug */ = {
			isa = XCBuildConfiguration;
			buildSettings = {
				LD = /usr/bin/true;
				OTHER_SWIFT_FLAGS = "-swift-version 4 -I /Applications/Xcode-9.1.0.app/Contents/Developer/Toolchains/XcodeDefault.xctoolchain/usr/lib/swift/pm/4 -target x86_64-apple-macosx10.10 -sdk /Applications/Xcode-9.1.0.app/Contents/Developer/Platforms/MacOSX.platform/Developer/SDKs/MacOSX10.13.sdk";
				SWIFT_VERSION = 4.0;
			};
			name = Debug;
		};
		OBJ_145 /* Release */ = {
			isa = XCBuildConfiguration;
			buildSettings = {
				LD = /usr/bin/true;
				OTHER_SWIFT_FLAGS = "-swift-version 4 -I /Applications/Xcode-9.1.0.app/Contents/Developer/Toolchains/XcodeDefault.xctoolchain/usr/lib/swift/pm/4 -target x86_64-apple-macosx10.10 -sdk /Applications/Xcode-9.1.0.app/Contents/Developer/Platforms/MacOSX.platform/Developer/SDKs/MacOSX10.13.sdk";
				SWIFT_VERSION = 4.0;
			};
			name = Release;
		};
		OBJ_150 /* Debug */ = {
			isa = XCBuildConfiguration;
			buildSettings = {
				LD = /usr/bin/true;
				OTHER_SWIFT_FLAGS = "-swift-version 3 -I /Applications/Xcode-9.1.0.app/Contents/Developer/Toolchains/XcodeDefault.xctoolchain/usr/lib/swift/pm/3 -target x86_64-apple-macosx10.10 -sdk /Applications/Xcode-9.1.0.app/Contents/Developer/Platforms/MacOSX.platform/Developer/SDKs/MacOSX10.13.sdk";
				SWIFT_VERSION = 3.0;
			};
			name = Debug;
		};
		OBJ_151 /* Release */ = {
			isa = XCBuildConfiguration;
			buildSettings = {
				LD = /usr/bin/true;
				OTHER_SWIFT_FLAGS = "-swift-version 3 -I /Applications/Xcode-9.1.0.app/Contents/Developer/Toolchains/XcodeDefault.xctoolchain/usr/lib/swift/pm/3 -target x86_64-apple-macosx10.10 -sdk /Applications/Xcode-9.1.0.app/Contents/Developer/Platforms/MacOSX.platform/Developer/SDKs/MacOSX10.13.sdk";
				SWIFT_VERSION = 3.0;
			};
			name = Release;
		};
		OBJ_156 /* Debug */ = {
			isa = XCBuildConfiguration;
			buildSettings = {
				LD = /usr/bin/true;
				OTHER_SWIFT_FLAGS = "-swift-version 4 -I /Applications/Xcode-9.1.0.app/Contents/Developer/Toolchains/XcodeDefault.xctoolchain/usr/lib/swift/pm/4 -target x86_64-apple-macosx10.10 -sdk /Applications/Xcode-9.1.0.app/Contents/Developer/Platforms/MacOSX.platform/Developer/SDKs/MacOSX10.13.sdk";
				SWIFT_VERSION = 4.0;
			};
			name = Debug;
		};
		OBJ_157 /* Release */ = {
			isa = XCBuildConfiguration;
			buildSettings = {
				LD = /usr/bin/true;
				OTHER_SWIFT_FLAGS = "-swift-version 4 -I /Applications/Xcode-9.1.0.app/Contents/Developer/Toolchains/XcodeDefault.xctoolchain/usr/lib/swift/pm/4 -target x86_64-apple-macosx10.10 -sdk /Applications/Xcode-9.1.0.app/Contents/Developer/Platforms/MacOSX.platform/Developer/SDKs/MacOSX10.13.sdk";
				SWIFT_VERSION = 4.0;
			};
			name = Release;
		};
		OBJ_162 /* Debug */ = {
			isa = XCBuildConfiguration;
			buildSettings = {
				LD = /usr/bin/true;
				OTHER_SWIFT_FLAGS = "-swift-version 4 -I /Applications/Xcode-9.1.0.app/Contents/Developer/Toolchains/XcodeDefault.xctoolchain/usr/lib/swift/pm/4 -target x86_64-apple-macosx10.10 -sdk /Applications/Xcode-9.1.0.app/Contents/Developer/Platforms/MacOSX.platform/Developer/SDKs/MacOSX10.13.sdk";
				SWIFT_VERSION = 4.0;
			};
			name = Debug;
		};
		OBJ_163 /* Release */ = {
			isa = XCBuildConfiguration;
			buildSettings = {
				LD = /usr/bin/true;
				OTHER_SWIFT_FLAGS = "-swift-version 4 -I /Applications/Xcode-9.1.0.app/Contents/Developer/Toolchains/XcodeDefault.xctoolchain/usr/lib/swift/pm/4 -target x86_64-apple-macosx10.10 -sdk /Applications/Xcode-9.1.0.app/Contents/Developer/Platforms/MacOSX.platform/Developer/SDKs/MacOSX10.13.sdk";
				SWIFT_VERSION = 4.0;
			};
			name = Release;
		};
		OBJ_168 /* Debug */ = {
			isa = XCBuildConfiguration;
			buildSettings = {
				LD = /usr/bin/true;
				OTHER_SWIFT_FLAGS = "-swift-version 4 -I /Applications/Xcode-9.1.0.app/Contents/Developer/Toolchains/XcodeDefault.xctoolchain/usr/lib/swift/pm/4 -target x86_64-apple-macosx10.10 -sdk /Applications/Xcode-9.1.0.app/Contents/Developer/Platforms/MacOSX.platform/Developer/SDKs/MacOSX10.13.sdk";
				SWIFT_VERSION = 4.0;
			};
			name = Debug;
		};
		OBJ_169 /* Release */ = {
			isa = XCBuildConfiguration;
			buildSettings = {
				LD = /usr/bin/true;
				OTHER_SWIFT_FLAGS = "-swift-version 4 -I /Applications/Xcode-9.1.0.app/Contents/Developer/Toolchains/XcodeDefault.xctoolchain/usr/lib/swift/pm/4 -target x86_64-apple-macosx10.10 -sdk /Applications/Xcode-9.1.0.app/Contents/Developer/Platforms/MacOSX.platform/Developer/SDKs/MacOSX10.13.sdk";
				SWIFT_VERSION = 4.0;
			};
			name = Release;
		};
		OBJ_174 /* Debug */ = {
			isa = XCBuildConfiguration;
			buildSettings = {
				LD = /usr/bin/true;
				OTHER_SWIFT_FLAGS = "-swift-version 3 -I /Applications/Xcode-9.1.0.app/Contents/Developer/Toolchains/XcodeDefault.xctoolchain/usr/lib/swift/pm/3 -target x86_64-apple-macosx10.10 -sdk /Applications/Xcode-9.1.0.app/Contents/Developer/Platforms/MacOSX.platform/Developer/SDKs/MacOSX10.13.sdk";
				SWIFT_VERSION = 3.0;
			};
			name = Debug;
		};
		OBJ_175 /* Release */ = {
			isa = XCBuildConfiguration;
			buildSettings = {
				LD = /usr/bin/true;
				OTHER_SWIFT_FLAGS = "-swift-version 3 -I /Applications/Xcode-9.1.0.app/Contents/Developer/Toolchains/XcodeDefault.xctoolchain/usr/lib/swift/pm/3 -target x86_64-apple-macosx10.10 -sdk /Applications/Xcode-9.1.0.app/Contents/Developer/Platforms/MacOSX.platform/Developer/SDKs/MacOSX10.13.sdk";
				SWIFT_VERSION = 3.0;
			};
			name = Release;
		};
		OBJ_180 /* Debug */ = {
			isa = XCBuildConfiguration;
			buildSettings = {
				FRAMEWORK_SEARCH_PATHS = (
					"$(inherited)",
					"$(PLATFORM_DIR)/Developer/Library/Frameworks",
				);
				HEADER_SEARCH_PATHS = "$(inherited)";
				INFOPLIST_FILE = DataModelGen.xcodeproj/DataModelGen_Info.plist;
				LD_RUNPATH_SEARCH_PATHS = "$(TOOLCHAIN_DIR)/usr/lib/swift/macosx @executable_path";
				OTHER_LDFLAGS = "$(inherited)";
				OTHER_SWIFT_FLAGS = "$(inherited)";
				SWIFT_FORCE_DYNAMIC_LINK_STDLIB = YES;
				SWIFT_FORCE_STATIC_LINK_STDLIB = NO;
				SWIFT_VERSION = 4.0;
				TARGET_NAME = DataModelGen;
			};
			name = Debug;
		};
		OBJ_181 /* Release */ = {
			isa = XCBuildConfiguration;
			buildSettings = {
				FRAMEWORK_SEARCH_PATHS = (
					"$(inherited)",
					"$(PLATFORM_DIR)/Developer/Library/Frameworks",
				);
				HEADER_SEARCH_PATHS = "$(inherited)";
				INFOPLIST_FILE = DataModelGen.xcodeproj/DataModelGen_Info.plist;
				LD_RUNPATH_SEARCH_PATHS = "$(TOOLCHAIN_DIR)/usr/lib/swift/macosx @executable_path";
				OTHER_LDFLAGS = "$(inherited)";
				OTHER_SWIFT_FLAGS = "$(inherited)";
				SWIFT_FORCE_DYNAMIC_LINK_STDLIB = YES;
				SWIFT_FORCE_STATIC_LINK_STDLIB = NO;
				SWIFT_VERSION = 4.0;
				TARGET_NAME = DataModelGen;
			};
			name = Release;
		};
		OBJ_211 /* Debug */ = {
			isa = XCBuildConfiguration;
			buildSettings = {
				ENABLE_TESTABILITY = YES;
				FRAMEWORK_SEARCH_PATHS = (
					"$(inherited)",
					"$(PLATFORM_DIR)/Developer/Library/Frameworks",
				);
				HEADER_SEARCH_PATHS = "$(inherited)";
				INFOPLIST_FILE = DataModelGen.xcodeproj/Commander_Info.plist;
				LD_RUNPATH_SEARCH_PATHS = "$(TOOLCHAIN_DIR)/usr/lib/swift/macosx";
				OTHER_LDFLAGS = "$(inherited)";
				OTHER_SWIFT_FLAGS = "$(inherited)";
				PRODUCT_BUNDLE_IDENTIFIER = Commander;
				PRODUCT_MODULE_NAME = "$(TARGET_NAME:c99extidentifier)";
				PRODUCT_NAME = "$(TARGET_NAME:c99extidentifier)";
				SKIP_INSTALL = YES;
				SWIFT_VERSION = 4.0;
				TARGET_NAME = Commander;
			};
			name = Debug;
		};
		OBJ_212 /* Release */ = {
			isa = XCBuildConfiguration;
			buildSettings = {
				ENABLE_TESTABILITY = YES;
				FRAMEWORK_SEARCH_PATHS = (
					"$(inherited)",
					"$(PLATFORM_DIR)/Developer/Library/Frameworks",
				);
				HEADER_SEARCH_PATHS = "$(inherited)";
				INFOPLIST_FILE = DataModelGen.xcodeproj/Commander_Info.plist;
				LD_RUNPATH_SEARCH_PATHS = "$(TOOLCHAIN_DIR)/usr/lib/swift/macosx";
				OTHER_LDFLAGS = "$(inherited)";
				OTHER_SWIFT_FLAGS = "$(inherited)";
				PRODUCT_BUNDLE_IDENTIFIER = Commander;
				PRODUCT_MODULE_NAME = "$(TARGET_NAME:c99extidentifier)";
				PRODUCT_NAME = "$(TARGET_NAME:c99extidentifier)";
				SKIP_INSTALL = YES;
				SWIFT_VERSION = 4.0;
				TARGET_NAME = Commander;
			};
			name = Release;
		};
		OBJ_225 /* Debug */ = {
			isa = XCBuildConfiguration;
			buildSettings = {
				ENABLE_TESTABILITY = YES;
				FRAMEWORK_SEARCH_PATHS = (
					"$(inherited)",
					"$(PLATFORM_DIR)/Developer/Library/Frameworks",
				);
				HEADER_SEARCH_PATHS = "$(inherited)";
				INFOPLIST_FILE = DataModelGen.xcodeproj/Stencil_Info.plist;
				LD_RUNPATH_SEARCH_PATHS = "$(TOOLCHAIN_DIR)/usr/lib/swift/macosx";
				OTHER_LDFLAGS = "$(inherited)";
				OTHER_SWIFT_FLAGS = "$(inherited)";
				PRODUCT_BUNDLE_IDENTIFIER = Stencil;
				PRODUCT_MODULE_NAME = "$(TARGET_NAME:c99extidentifier)";
				PRODUCT_NAME = "$(TARGET_NAME:c99extidentifier)";
				SKIP_INSTALL = YES;
				SWIFT_VERSION = 3.0;
				TARGET_NAME = Stencil;
			};
			name = Debug;
		};
		OBJ_226 /* Release */ = {
			isa = XCBuildConfiguration;
			buildSettings = {
				ENABLE_TESTABILITY = YES;
				FRAMEWORK_SEARCH_PATHS = (
					"$(inherited)",
					"$(PLATFORM_DIR)/Developer/Library/Frameworks",
				);
				HEADER_SEARCH_PATHS = "$(inherited)";
				INFOPLIST_FILE = DataModelGen.xcodeproj/Stencil_Info.plist;
				LD_RUNPATH_SEARCH_PATHS = "$(TOOLCHAIN_DIR)/usr/lib/swift/macosx";
				OTHER_LDFLAGS = "$(inherited)";
				OTHER_SWIFT_FLAGS = "$(inherited)";
				PRODUCT_BUNDLE_IDENTIFIER = Stencil;
				PRODUCT_MODULE_NAME = "$(TARGET_NAME:c99extidentifier)";
				PRODUCT_NAME = "$(TARGET_NAME:c99extidentifier)";
				SKIP_INSTALL = YES;
				SWIFT_VERSION = 3.0;
				TARGET_NAME = Stencil;
			};
			name = Release;
		};
		OBJ_251 /* Debug */ = {
			isa = XCBuildConfiguration;
			buildSettings = {
				ENABLE_TESTABILITY = YES;
				FRAMEWORK_SEARCH_PATHS = (
					"$(inherited)",
					"$(PLATFORM_DIR)/Developer/Library/Frameworks",
				);
				HEADER_SEARCH_PATHS = "$(inherited)";
				INFOPLIST_FILE = DataModelGen.xcodeproj/PathKit_Info.plist;
				LD_RUNPATH_SEARCH_PATHS = "$(TOOLCHAIN_DIR)/usr/lib/swift/macosx";
				OTHER_LDFLAGS = "$(inherited)";
				OTHER_SWIFT_FLAGS = "$(inherited)";
				PRODUCT_BUNDLE_IDENTIFIER = PathKit;
				PRODUCT_MODULE_NAME = "$(TARGET_NAME:c99extidentifier)";
				PRODUCT_NAME = "$(TARGET_NAME:c99extidentifier)";
				SKIP_INSTALL = YES;
				SWIFT_VERSION = 3.0;
				TARGET_NAME = PathKit;
			};
			name = Debug;
		};
		OBJ_252 /* Release */ = {
			isa = XCBuildConfiguration;
			buildSettings = {
				ENABLE_TESTABILITY = YES;
				FRAMEWORK_SEARCH_PATHS = (
					"$(inherited)",
					"$(PLATFORM_DIR)/Developer/Library/Frameworks",
				);
				HEADER_SEARCH_PATHS = "$(inherited)";
				INFOPLIST_FILE = DataModelGen.xcodeproj/PathKit_Info.plist;
				LD_RUNPATH_SEARCH_PATHS = "$(TOOLCHAIN_DIR)/usr/lib/swift/macosx";
				OTHER_LDFLAGS = "$(inherited)";
				OTHER_SWIFT_FLAGS = "$(inherited)";
				PRODUCT_BUNDLE_IDENTIFIER = PathKit;
				PRODUCT_MODULE_NAME = "$(TARGET_NAME:c99extidentifier)";
				PRODUCT_NAME = "$(TARGET_NAME:c99extidentifier)";
				SKIP_INSTALL = YES;
				SWIFT_VERSION = 3.0;
				TARGET_NAME = PathKit;
			};
			name = Release;
		};
		OBJ_257 /* Debug */ = {
			isa = XCBuildConfiguration;
			buildSettings = {
				ENABLE_TESTABILITY = YES;
				FRAMEWORK_SEARCH_PATHS = (
					"$(inherited)",
					"$(PLATFORM_DIR)/Developer/Library/Frameworks",
				);
				HEADER_SEARCH_PATHS = "$(inherited)";
				INFOPLIST_FILE = DataModelGen.xcodeproj/Rainbow_Info.plist;
				LD_RUNPATH_SEARCH_PATHS = "$(TOOLCHAIN_DIR)/usr/lib/swift/macosx";
				OTHER_LDFLAGS = "$(inherited)";
				OTHER_SWIFT_FLAGS = "$(inherited)";
				PRODUCT_BUNDLE_IDENTIFIER = Rainbow;
				PRODUCT_MODULE_NAME = "$(TARGET_NAME:c99extidentifier)";
				PRODUCT_NAME = "$(TARGET_NAME:c99extidentifier)";
				SKIP_INSTALL = YES;
				SWIFT_VERSION = 3.0;
				TARGET_NAME = Rainbow;
			};
			name = Debug;
		};
		OBJ_258 /* Release */ = {
			isa = XCBuildConfiguration;
			buildSettings = {
				ENABLE_TESTABILITY = YES;
				FRAMEWORK_SEARCH_PATHS = (
					"$(inherited)",
					"$(PLATFORM_DIR)/Developer/Library/Frameworks",
				);
				HEADER_SEARCH_PATHS = "$(inherited)";
				INFOPLIST_FILE = DataModelGen.xcodeproj/Rainbow_Info.plist;
				LD_RUNPATH_SEARCH_PATHS = "$(TOOLCHAIN_DIR)/usr/lib/swift/macosx";
				OTHER_LDFLAGS = "$(inherited)";
				OTHER_SWIFT_FLAGS = "$(inherited)";
				PRODUCT_BUNDLE_IDENTIFIER = Rainbow;
				PRODUCT_MODULE_NAME = "$(TARGET_NAME:c99extidentifier)";
				PRODUCT_NAME = "$(TARGET_NAME:c99extidentifier)";
				SKIP_INSTALL = YES;
				SWIFT_VERSION = 3.0;
				TARGET_NAME = Rainbow;
			};
			name = Release;
		};
		OBJ_273 /* Debug */ = {
			isa = XCBuildConfiguration;
			buildSettings = {
				ENABLE_TESTABILITY = YES;
				FRAMEWORK_SEARCH_PATHS = (
					"$(inherited)",
					"$(PLATFORM_DIR)/Developer/Library/Frameworks",
				);
				HEADER_SEARCH_PATHS = "$(inherited)";
				INFOPLIST_FILE = DataModelGen.xcodeproj/DataModelKit_Info.plist;
				LD_RUNPATH_SEARCH_PATHS = "$(TOOLCHAIN_DIR)/usr/lib/swift/macosx";
				OTHER_LDFLAGS = "$(inherited)";
				OTHER_SWIFT_FLAGS = "$(inherited)";
				PRODUCT_BUNDLE_IDENTIFIER = DataModelKit;
				PRODUCT_MODULE_NAME = "$(TARGET_NAME:c99extidentifier)";
				PRODUCT_NAME = "$(TARGET_NAME:c99extidentifier)";
				SKIP_INSTALL = YES;
				SWIFT_VERSION = 4.0;
				TARGET_NAME = DataModelKit;
			};
			name = Debug;
		};
		OBJ_274 /* Release */ = {
			isa = XCBuildConfiguration;
			buildSettings = {
				ENABLE_TESTABILITY = YES;
				FRAMEWORK_SEARCH_PATHS = (
					"$(inherited)",
					"$(PLATFORM_DIR)/Developer/Library/Frameworks",
				);
				HEADER_SEARCH_PATHS = "$(inherited)";
				INFOPLIST_FILE = DataModelGen.xcodeproj/DataModelKit_Info.plist;
				LD_RUNPATH_SEARCH_PATHS = "$(TOOLCHAIN_DIR)/usr/lib/swift/macosx";
				OTHER_LDFLAGS = "$(inherited)";
				OTHER_SWIFT_FLAGS = "$(inherited)";
				PRODUCT_BUNDLE_IDENTIFIER = DataModelKit;
				PRODUCT_MODULE_NAME = "$(TARGET_NAME:c99extidentifier)";
				PRODUCT_NAME = "$(TARGET_NAME:c99extidentifier)";
				SKIP_INSTALL = YES;
				SWIFT_VERSION = 4.0;
				TARGET_NAME = DataModelKit;
			};
			name = Release;
		};
		OBJ_289 /* Debug */ = {
			isa = XCBuildConfiguration;
			buildSettings = {
				ENABLE_TESTABILITY = YES;
				FRAMEWORK_SEARCH_PATHS = (
					"$(inherited)",
					"$(PLATFORM_DIR)/Developer/Library/Frameworks",
				);
				HEADER_SEARCH_PATHS = "$(inherited)";
				INFOPLIST_FILE = DataModelGen.xcodeproj/SWXMLHash_Info.plist;
				LD_RUNPATH_SEARCH_PATHS = "$(TOOLCHAIN_DIR)/usr/lib/swift/macosx";
				OTHER_LDFLAGS = "$(inherited)";
				OTHER_SWIFT_FLAGS = "$(inherited)";
				PRODUCT_BUNDLE_IDENTIFIER = SWXMLHash;
				PRODUCT_MODULE_NAME = "$(TARGET_NAME:c99extidentifier)";
				PRODUCT_NAME = "$(TARGET_NAME:c99extidentifier)";
				SKIP_INSTALL = YES;
				SWIFT_VERSION = 4.0;
				TARGET_NAME = SWXMLHash;
			};
			name = Debug;
		};
		OBJ_290 /* Release */ = {
			isa = XCBuildConfiguration;
			buildSettings = {
				ENABLE_TESTABILITY = YES;
				FRAMEWORK_SEARCH_PATHS = (
					"$(inherited)",
					"$(PLATFORM_DIR)/Developer/Library/Frameworks",
				);
				HEADER_SEARCH_PATHS = "$(inherited)";
				INFOPLIST_FILE = DataModelGen.xcodeproj/SWXMLHash_Info.plist;
				LD_RUNPATH_SEARCH_PATHS = "$(TOOLCHAIN_DIR)/usr/lib/swift/macosx";
				OTHER_LDFLAGS = "$(inherited)";
				OTHER_SWIFT_FLAGS = "$(inherited)";
				PRODUCT_BUNDLE_IDENTIFIER = SWXMLHash;
				PRODUCT_MODULE_NAME = "$(TARGET_NAME:c99extidentifier)";
				PRODUCT_NAME = "$(TARGET_NAME:c99extidentifier)";
				SKIP_INSTALL = YES;
				SWIFT_VERSION = 4.0;
				TARGET_NAME = SWXMLHash;
			};
			name = Release;
		};
		OBJ_296 /* Debug */ = {
			isa = XCBuildConfiguration;
			buildSettings = {
				ENABLE_TESTABILITY = YES;
				FRAMEWORK_SEARCH_PATHS = (
					"$(inherited)",
					"$(PLATFORM_DIR)/Developer/Library/Frameworks",
				);
				HEADER_SEARCH_PATHS = "$(inherited)";
				INFOPLIST_FILE = DataModelGen.xcodeproj/FileKit_Info.plist;
				LD_RUNPATH_SEARCH_PATHS = "$(TOOLCHAIN_DIR)/usr/lib/swift/macosx";
				OTHER_LDFLAGS = "$(inherited)";
				OTHER_SWIFT_FLAGS = "$(inherited)";
				PRODUCT_BUNDLE_IDENTIFIER = FileKit;
				PRODUCT_MODULE_NAME = "$(TARGET_NAME:c99extidentifier)";
				PRODUCT_NAME = "$(TARGET_NAME:c99extidentifier)";
				SKIP_INSTALL = YES;
				SWIFT_VERSION = 3.0;
				TARGET_NAME = FileKit;
			};
			name = Debug;
		};
		OBJ_297 /* Release */ = {
			isa = XCBuildConfiguration;
			buildSettings = {
				ENABLE_TESTABILITY = YES;
				FRAMEWORK_SEARCH_PATHS = (
					"$(inherited)",
					"$(PLATFORM_DIR)/Developer/Library/Frameworks",
				);
				HEADER_SEARCH_PATHS = "$(inherited)";
				INFOPLIST_FILE = DataModelGen.xcodeproj/FileKit_Info.plist;
				LD_RUNPATH_SEARCH_PATHS = "$(TOOLCHAIN_DIR)/usr/lib/swift/macosx";
				OTHER_LDFLAGS = "$(inherited)";
				OTHER_SWIFT_FLAGS = "$(inherited)";
				PRODUCT_BUNDLE_IDENTIFIER = FileKit;
				PRODUCT_MODULE_NAME = "$(TARGET_NAME:c99extidentifier)";
				PRODUCT_NAME = "$(TARGET_NAME:c99extidentifier)";
				SKIP_INSTALL = YES;
				SWIFT_VERSION = 3.0;
				TARGET_NAME = FileKit;
			};
			name = Release;
		};
		OBJ_3 /* Debug */ = {
			isa = XCBuildConfiguration;
			buildSettings = {
				CLANG_ENABLE_OBJC_ARC = YES;
				COMBINE_HIDPI_IMAGES = YES;
				COPY_PHASE_STRIP = NO;
				DEBUG_INFORMATION_FORMAT = dwarf;
				DYLIB_INSTALL_NAME_BASE = "@rpath";
				ENABLE_NS_ASSERTIONS = YES;
				GCC_OPTIMIZATION_LEVEL = 0;
				MACOSX_DEPLOYMENT_TARGET = 10.10;
				ONLY_ACTIVE_ARCH = YES;
				OTHER_SWIFT_FLAGS = "-DXcode";
				PRODUCT_NAME = "$(TARGET_NAME)";
				SDKROOT = macosx;
				SUPPORTED_PLATFORMS = "macosx iphoneos iphonesimulator appletvos appletvsimulator watchos watchsimulator";
				SWIFT_ACTIVE_COMPILATION_CONDITIONS = SWIFT_PACKAGE;
				SWIFT_OPTIMIZATION_LEVEL = "-Onone";
				USE_HEADERMAP = NO;
			};
			name = Debug;
		};
		OBJ_4 /* Release */ = {
			isa = XCBuildConfiguration;
			buildSettings = {
				CLANG_ENABLE_OBJC_ARC = YES;
				COMBINE_HIDPI_IMAGES = YES;
				COPY_PHASE_STRIP = YES;
				DEBUG_INFORMATION_FORMAT = "dwarf-with-dsym";
				DYLIB_INSTALL_NAME_BASE = "@rpath";
				GCC_OPTIMIZATION_LEVEL = s;
				MACOSX_DEPLOYMENT_TARGET = 10.10;
				OTHER_SWIFT_FLAGS = "-DXcode";
				PRODUCT_NAME = "$(TARGET_NAME)";
				SDKROOT = macosx;
				SUPPORTED_PLATFORMS = "macosx iphoneos iphonesimulator appletvos appletvsimulator watchos watchsimulator";
				SWIFT_ACTIVE_COMPILATION_CONDITIONS = SWIFT_PACKAGE;
				SWIFT_OPTIMIZATION_LEVEL = "-Owholemodule";
				USE_HEADERMAP = NO;
			};
			name = Release;
		};
/* End XCBuildConfiguration section */

/* Begin XCConfigurationList section */
		OBJ_131 /* Build configuration list for PBXNativeTarget "DataModelGenPackageDescription" */ = {
			isa = XCConfigurationList;
			buildConfigurations = (
				OBJ_132 /* Debug */,
				OBJ_133 /* Release */,
			);
			defaultConfigurationIsVisible = 0;
			defaultConfigurationName = Debug;
		};
		OBJ_137 /* Build configuration list for PBXNativeTarget "CommanderPackageDescription" */ = {
			isa = XCConfigurationList;
			buildConfigurations = (
				OBJ_138 /* Debug */,
				OBJ_139 /* Release */,
			);
			defaultConfigurationIsVisible = 0;
			defaultConfigurationName = Debug;
		};
		OBJ_143 /* Build configuration list for PBXNativeTarget "DataModelKitPackageDescription" */ = {
			isa = XCConfigurationList;
			buildConfigurations = (
				OBJ_144 /* Debug */,
				OBJ_145 /* Release */,
			);
			defaultConfigurationIsVisible = 0;
			defaultConfigurationName = Debug;
		};
		OBJ_149 /* Build configuration list for PBXNativeTarget "FileKitPackageDescription" */ = {
			isa = XCConfigurationList;
			buildConfigurations = (
				OBJ_150 /* Debug */,
				OBJ_151 /* Release */,
			);
			defaultConfigurationIsVisible = 0;
			defaultConfigurationName = Debug;
		};
		OBJ_155 /* Build configuration list for PBXNativeTarget "SWXMLHashPackageDescription" */ = {
			isa = XCConfigurationList;
			buildConfigurations = (
				OBJ_156 /* Debug */,
				OBJ_157 /* Release */,
			);
			defaultConfigurationIsVisible = 0;
			defaultConfigurationName = Debug;
		};
		OBJ_161 /* Build configuration list for PBXNativeTarget "StencilPackageDescription" */ = {
			isa = XCConfigurationList;
			buildConfigurations = (
				OBJ_162 /* Debug */,
				OBJ_163 /* Release */,
			);
			defaultConfigurationIsVisible = 0;
			defaultConfigurationName = Debug;
		};
		OBJ_167 /* Build configuration list for PBXNativeTarget "PathKitPackageDescription" */ = {
			isa = XCConfigurationList;
			buildConfigurations = (
				OBJ_168 /* Debug */,
				OBJ_169 /* Release */,
			);
			defaultConfigurationIsVisible = 0;
			defaultConfigurationName = Debug;
		};
		OBJ_173 /* Build configuration list for PBXNativeTarget "RainbowPackageDescription" */ = {
			isa = XCConfigurationList;
			buildConfigurations = (
				OBJ_174 /* Debug */,
				OBJ_175 /* Release */,
			);
			defaultConfigurationIsVisible = 0;
			defaultConfigurationName = Debug;
		};
		OBJ_179 /* Build configuration list for PBXNativeTarget "DataModelGen" */ = {
			isa = XCConfigurationList;
			buildConfigurations = (
				OBJ_180 /* Debug */,
				OBJ_181 /* Release */,
			);
			defaultConfigurationIsVisible = 0;
			defaultConfigurationName = Debug;
		};
		OBJ_2 /* Build configuration list for PBXProject "DataModelGen" */ = {
			isa = XCConfigurationList;
			buildConfigurations = (
				OBJ_3 /* Debug */,
				OBJ_4 /* Release */,
			);
			defaultConfigurationIsVisible = 0;
			defaultConfigurationName = Debug;
		};
		OBJ_210 /* Build configuration list for PBXNativeTarget "Commander" */ = {
			isa = XCConfigurationList;
			buildConfigurations = (
				OBJ_211 /* Debug */,
				OBJ_212 /* Release */,
			);
			defaultConfigurationIsVisible = 0;
			defaultConfigurationName = Debug;
		};
		OBJ_224 /* Build configuration list for PBXNativeTarget "Stencil" */ = {
			isa = XCConfigurationList;
			buildConfigurations = (
				OBJ_225 /* Debug */,
				OBJ_226 /* Release */,
			);
			defaultConfigurationIsVisible = 0;
			defaultConfigurationName = Debug;
		};
		OBJ_250 /* Build configuration list for PBXNativeTarget "PathKit" */ = {
			isa = XCConfigurationList;
			buildConfigurations = (
				OBJ_251 /* Debug */,
				OBJ_252 /* Release */,
			);
			defaultConfigurationIsVisible = 0;
			defaultConfigurationName = Debug;
		};
		OBJ_256 /* Build configuration list for PBXNativeTarget "Rainbow" */ = {
			isa = XCConfigurationList;
			buildConfigurations = (
				OBJ_257 /* Debug */,
				OBJ_258 /* Release */,
			);
			defaultConfigurationIsVisible = 0;
			defaultConfigurationName = Debug;
		};
		OBJ_272 /* Build configuration list for PBXNativeTarget "DataModelKit" */ = {
			isa = XCConfigurationList;
			buildConfigurations = (
				OBJ_273 /* Debug */,
				OBJ_274 /* Release */,
			);
			defaultConfigurationIsVisible = 0;
			defaultConfigurationName = Debug;
		};
		OBJ_288 /* Build configuration list for PBXNativeTarget "SWXMLHash" */ = {
			isa = XCConfigurationList;
			buildConfigurations = (
				OBJ_289 /* Debug */,
				OBJ_290 /* Release */,
			);
			defaultConfigurationIsVisible = 0;
			defaultConfigurationName = Debug;
		};
		OBJ_295 /* Build configuration list for PBXNativeTarget "FileKit" */ = {
			isa = XCConfigurationList;
			buildConfigurations = (
				OBJ_296 /* Debug */,
				OBJ_297 /* Release */,
			);
			defaultConfigurationIsVisible = 0;
			defaultConfigurationName = Debug;
		};
/* End XCConfigurationList section */
	};
	rootObject = OBJ_1 /* Project object */;
}
